// !$*UTF8*$!
{
	archiveVersion = 1;
	classes = {
	};
	objectVersion = 50;
	objects = {

/* Begin PBXBuildFile section */
		9F21A34B2225BEB50080A537 /* UIResult.swift in Sources */ = {isa = PBXBuildFile; fileRef = 9F21A34A2225BEB50080A537 /* UIResult.swift */; };
		9F21A34D2225CD420080A537 /* RMBeerLabel.swift in Sources */ = {isa = PBXBuildFile; fileRef = 9F21A34C2225CD420080A537 /* RMBeerLabel.swift */; };
		9F21A34F2225CDB80080A537 /* BeerLabel.swift in Sources */ = {isa = PBXBuildFile; fileRef = 9F21A34E2225CDB80080A537 /* BeerLabel.swift */; };
		9F6B6E1622230547002FE015 /* BeersResponse.swift in Sources */ = {isa = PBXBuildFile; fileRef = 9F6B6E1522230547002FE015 /* BeersResponse.swift */; };
		9F6B6E1922230F9F002FE015 /* BeerCell.swift in Sources */ = {isa = PBXBuildFile; fileRef = 9F6B6E1722230F9F002FE015 /* BeerCell.swift */; };
		9F6B6E1A22230F9F002FE015 /* BeerCell.xib in Resources */ = {isa = PBXBuildFile; fileRef = 9F6B6E1822230F9F002FE015 /* BeerCell.xib */; };
		9F7088762221D19A00E5205F /* AppDelegate.swift in Sources */ = {isa = PBXBuildFile; fileRef = 9F7088752221D19A00E5205F /* AppDelegate.swift */; };
		9F70887D2221D19B00E5205F /* Assets.xcassets in Resources */ = {isa = PBXBuildFile; fileRef = 9F70887C2221D19B00E5205F /* Assets.xcassets */; };
		9F7088802221D19B00E5205F /* LaunchScreen.storyboard in Resources */ = {isa = PBXBuildFile; fileRef = 9F70887E2221D19B00E5205F /* LaunchScreen.storyboard */; };
		9F70888B2221D19B00E5205F /* BeersAppTests.swift in Sources */ = {isa = PBXBuildFile; fileRef = 9F70888A2221D19B00E5205F /* BeersAppTests.swift */; };
		9F7088962221D19B00E5205F /* BeersAppUITests.swift in Sources */ = {isa = PBXBuildFile; fileRef = 9F7088952221D19B00E5205F /* BeersAppUITests.swift */; };
		9F7088A52221D60E00E5205F /* Network.swift in Sources */ = {isa = PBXBuildFile; fileRef = 9F7088A32221D60E00E5205F /* Network.swift */; };
		9F7088A62221D60E00E5205F /* ApiEndpoint.swift in Sources */ = {isa = PBXBuildFile; fileRef = 9F7088A42221D60E00E5205F /* ApiEndpoint.swift */; };
		9F7088AA2221D64B00E5205F /* Persistable.swift in Sources */ = {isa = PBXBuildFile; fileRef = 9F7088A72221D64B00E5205F /* Persistable.swift */; };
		9F7088AC2221D64B00E5205F /* ReusableCell.swift in Sources */ = {isa = PBXBuildFile; fileRef = 9F7088A92221D64B00E5205F /* ReusableCell.swift */; };
		9F7088B22221D66D00E5205F /* ViewControllerExtensions.swift in Sources */ = {isa = PBXBuildFile; fileRef = 9F7088AD2221D66D00E5205F /* ViewControllerExtensions.swift */; };
		9F7088B32221D66D00E5205F /* StringExtensions.swift in Sources */ = {isa = PBXBuildFile; fileRef = 9F7088AE2221D66D00E5205F /* StringExtensions.swift */; };
		9F7088B42221D66D00E5205F /* RxExtensions.swift in Sources */ = {isa = PBXBuildFile; fileRef = 9F7088AF2221D66D00E5205F /* RxExtensions.swift */; };
		9F7088B62221D66D00E5205F /* TableViewExtensions.swift in Sources */ = {isa = PBXBuildFile; fileRef = 9F7088B12221D66D00E5205F /* TableViewExtensions.swift */; };
		9F7088BE2221D68700E5205F /* BaseViewController.swift in Sources */ = {isa = PBXBuildFile; fileRef = 9F7088B82221D68700E5205F /* BaseViewController.swift */; };
		9F7088C02221D68700E5205F /* BaseStorage.swift in Sources */ = {isa = PBXBuildFile; fileRef = 9F7088BA2221D68700E5205F /* BaseStorage.swift */; };
		9F7088C12221D68700E5205F /* BaseService.swift in Sources */ = {isa = PBXBuildFile; fileRef = 9F7088BB2221D68700E5205F /* BaseService.swift */; };
		9F7088CB2221D6E400E5205F /* Colors.swift in Sources */ = {isa = PBXBuildFile; fileRef = 9F7088C52221D6E300E5205F /* Colors.swift */; };
		9F7088CC2221D6E400E5205F /* UserDefaultsHelper.swift in Sources */ = {isa = PBXBuildFile; fileRef = 9F7088C62221D6E300E5205F /* UserDefaultsHelper.swift */; };
		9F7088CD2221D6E400E5205F /* Config.swift in Sources */ = {isa = PBXBuildFile; fileRef = 9F7088C72221D6E300E5205F /* Config.swift */; };
		9F7088CE2221D6E400E5205F /* DialogHelper.swift in Sources */ = {isa = PBXBuildFile; fileRef = 9F7088C82221D6E400E5205F /* DialogHelper.swift */; };
		9F7088CF2221D6E400E5205F /* Validation.swift in Sources */ = {isa = PBXBuildFile; fileRef = 9F7088C92221D6E400E5205F /* Validation.swift */; };
		9F7088D02221D6E400E5205F /* Constants.swift in Sources */ = {isa = PBXBuildFile; fileRef = 9F7088CA2221D6E400E5205F /* Constants.swift */; };
		9F7088DF2221DB2800E5205F /* Screen.swift in Sources */ = {isa = PBXBuildFile; fileRef = 9F7088DE2221DB2800E5205F /* Screen.swift */; };
		9F7088E22221DBE300E5205F /* DatabaseManager.swift in Sources */ = {isa = PBXBuildFile; fileRef = 9F7088E12221DBE300E5205F /* DatabaseManager.swift */; };
		9F7088E42221DC2700E5205F /* SingletonContainer.swift in Sources */ = {isa = PBXBuildFile; fileRef = 9F7088E32221DC2700E5205F /* SingletonContainer.swift */; };
		9F7088E62221DC9800E5205F /* ViewModelContainter.swift in Sources */ = {isa = PBXBuildFile; fileRef = 9F7088E52221DC9800E5205F /* ViewModelContainter.swift */; };
		9F7088E82221DD1000E5205F /* ViewControllerContainer.swift in Sources */ = {isa = PBXBuildFile; fileRef = 9F7088E72221DD1000E5205F /* ViewControllerContainer.swift */; };
		9F7088EA2221DEE100E5205F /* ViewModelType.swift in Sources */ = {isa = PBXBuildFile; fileRef = 9F7088E92221DEE100E5205F /* ViewModelType.swift */; };
		9F73C76B222D1E4900CB34AF /* AddBeerVM.swift in Sources */ = {isa = PBXBuildFile; fileRef = 9F73C76A222D1E4900CB34AF /* AddBeerVM.swift */; };
		9F73C76E222D1F3500CB34AF /* AddBeerVC.swift in Sources */ = {isa = PBXBuildFile; fileRef = 9F73C76C222D1F3500CB34AF /* AddBeerVC.swift */; };
		9F73C76F222D1F3500CB34AF /* AddBeerVC.xib in Resources */ = {isa = PBXBuildFile; fileRef = 9F73C76D222D1F3500CB34AF /* AddBeerVC.xib */; };
		9F73C771222D21AB00CB34AF /* CellExpandDelegate.swift in Sources */ = {isa = PBXBuildFile; fileRef = 9F73C770222D21AB00CB34AF /* CellExpandDelegate.swift */; };
		9F73C774222D32E900CB34AF /* AppButton.swift in Sources */ = {isa = PBXBuildFile; fileRef = 9F73C773222D32E900CB34AF /* AppButton.swift */; };
		9F73C776222D503A00CB34AF /* ValidatableTextField.swift in Sources */ = {isa = PBXBuildFile; fileRef = 9F73C775222D503A00CB34AF /* ValidatableTextField.swift */; };
		9F73C778222D651300CB34AF /* PersonalBeer.swift in Sources */ = {isa = PBXBuildFile; fileRef = 9F73C777222D651300CB34AF /* PersonalBeer.swift */; };
		9F80BB472222C4640094333F /* ActivityIndicator.swift in Sources */ = {isa = PBXBuildFile; fileRef = 9F80BB452222C4630094333F /* ActivityIndicator.swift */; };
		9F80BB482222C4640094333F /* ErrorTracker.swift in Sources */ = {isa = PBXBuildFile; fileRef = 9F80BB462222C4640094333F /* ErrorTracker.swift */; };
		9F80BB4D2222C8C60094333F /* BeerSearchVM.swift in Sources */ = {isa = PBXBuildFile; fileRef = 9F80BB4C2222C8C60094333F /* BeerSearchVM.swift */; };
		9F80BB532222CB400094333F /* BeerStorage.swift in Sources */ = {isa = PBXBuildFile; fileRef = 9F80BB522222CB400094333F /* BeerStorage.swift */; };
		9F80BB562222CB7B0094333F /* BeerService.swift in Sources */ = {isa = PBXBuildFile; fileRef = 9F80BB552222CB7B0094333F /* BeerService.swift */; };
		9F80BB582222CDBC0094333F /* BeerRepository.swift in Sources */ = {isa = PBXBuildFile; fileRef = 9F80BB572222CDBC0094333F /* BeerRepository.swift */; };
		9F85BFED22329A500020A7C4 /* GameStartOrOverScene.swift in Sources */ = {isa = PBXBuildFile; fileRef = 9F85BFEC22329A500020A7C4 /* GameStartOrOverScene.swift */; };
		9F89DE0C2221F07A0031989B /* RMBeer.swift in Sources */ = {isa = PBXBuildFile; fileRef = 9F89DE0B2221F07A0031989B /* RMBeer.swift */; };
		9F89DE0E2221F08E0031989B /* Beer.swift in Sources */ = {isa = PBXBuildFile; fileRef = 9F89DE0D2221F08E0031989B /* Beer.swift */; };
		9F89DE102221F25B0031989B /* BeerStyle.swift in Sources */ = {isa = PBXBuildFile; fileRef = 9F89DE0F2221F25B0031989B /* BeerStyle.swift */; };
		9F89DE122221F2AA0031989B /* BeerCategory.swift in Sources */ = {isa = PBXBuildFile; fileRef = 9F89DE112221F2AA0031989B /* BeerCategory.swift */; };
		9F89DE142221F5890031989B /* DomainData.swift in Sources */ = {isa = PBXBuildFile; fileRef = 9F89DE132221F5890031989B /* DomainData.swift */; };
		9F89DE162221F6320031989B /* RMBeerStyle.swift in Sources */ = {isa = PBXBuildFile; fileRef = 9F89DE152221F6320031989B /* RMBeerStyle.swift */; };
		9F89DE182221F6440031989B /* RMBeerCategory.swift in Sources */ = {isa = PBXBuildFile; fileRef = 9F89DE172221F6440031989B /* RMBeerCategory.swift */; };
		9F89DE1A2221FB610031989B /* RealmExtensions.swift in Sources */ = {isa = PBXBuildFile; fileRef = 9F89DE192221FB610031989B /* RealmExtensions.swift */; };
		9F89DE1E22220CD50031989B /* BeerSearchVC.swift in Sources */ = {isa = PBXBuildFile; fileRef = 9F89DE1C22220CD50031989B /* BeerSearchVC.swift */; };
		9F89DE1F22220CD50031989B /* BeerSearchVC.xib in Resources */ = {isa = PBXBuildFile; fileRef = 9F89DE1D22220CD50031989B /* BeerSearchVC.xib */; };
		9F8D83BA222939E300DDAFAA /* BreweriesResponse.swift in Sources */ = {isa = PBXBuildFile; fileRef = 9F8D83B9222939E300DDAFAA /* BreweriesResponse.swift */; };
		9F8D83BD222968AB00DDAFAA /* BreweryCell.swift in Sources */ = {isa = PBXBuildFile; fileRef = 9F8D83BB222968AB00DDAFAA /* BreweryCell.swift */; };
		9F8D83BE222968AB00DDAFAA /* BreweryCell.xib in Resources */ = {isa = PBXBuildFile; fileRef = 9F8D83BC222968AB00DDAFAA /* BreweryCell.xib */; };
		9F8D83C02229737500DDAFAA /* ReusableCollectionCell.swift in Sources */ = {isa = PBXBuildFile; fileRef = 9F8D83BF2229737500DDAFAA /* ReusableCollectionCell.swift */; };
		9F8D83C2222973C800DDAFAA /* CollectionViewExtensions.swift in Sources */ = {isa = PBXBuildFile; fileRef = 9F8D83C1222973C800DDAFAA /* CollectionViewExtensions.swift */; };
		9F9FEF9F2223DFED00E5EF49 /* SWRevealVC.swift in Sources */ = {isa = PBXBuildFile; fileRef = 9F9FEF9D2223DFED00E5EF49 /* SWRevealVC.swift */; };
		9F9FEFA22223E0EA00E5EF49 /* Menu.swift in Sources */ = {isa = PBXBuildFile; fileRef = 9F9FEFA12223E0EA00E5EF49 /* Menu.swift */; };
		9F9FEFA62223E2CB00E5EF49 /* SavedBeersVC.swift in Sources */ = {isa = PBXBuildFile; fileRef = 9F9FEFA42223E2CB00E5EF49 /* SavedBeersVC.swift */; };
		9F9FEFA72223E2CB00E5EF49 /* SavedBeersVC.xib in Resources */ = {isa = PBXBuildFile; fileRef = 9F9FEFA52223E2CB00E5EF49 /* SavedBeersVC.xib */; };
		9F9FEFAA2223E36200E5EF49 /* MenuVC.swift in Sources */ = {isa = PBXBuildFile; fileRef = 9F9FEFA82223E36200E5EF49 /* MenuVC.swift */; };
		9F9FEFAB2223E36200E5EF49 /* MenuVC.xib in Resources */ = {isa = PBXBuildFile; fileRef = 9F9FEFA92223E36200E5EF49 /* MenuVC.xib */; };
		9F9FEFAF2223E3EB00E5EF49 /* MenuItemCell.swift in Sources */ = {isa = PBXBuildFile; fileRef = 9F9FEFAD2223E3EB00E5EF49 /* MenuItemCell.swift */; };
		9F9FEFB02223E3EB00E5EF49 /* MenuItemCell.xib in Resources */ = {isa = PBXBuildFile; fileRef = 9F9FEFAE2223E3EB00E5EF49 /* MenuItemCell.xib */; };
		9F9FEFB22223F47000E5EF49 /* MenuChildViewController.swift in Sources */ = {isa = PBXBuildFile; fileRef = 9F9FEFB12223F47000E5EF49 /* MenuChildViewController.swift */; };
		9F9FEFB42223F5DA00E5EF49 /* SavedBeersVM.swift in Sources */ = {isa = PBXBuildFile; fileRef = 9F9FEFB32223F5DA00E5EF49 /* SavedBeersVM.swift */; };
		9F9FEFB822240F3300E5EF49 /* BeerDetailsVC.swift in Sources */ = {isa = PBXBuildFile; fileRef = 9F9FEFB622240F3300E5EF49 /* BeerDetailsVC.swift */; };
		9F9FEFB922240F3300E5EF49 /* BeerDetailsVC.xib in Resources */ = {isa = PBXBuildFile; fileRef = 9F9FEFB722240F3300E5EF49 /* BeerDetailsVC.xib */; };
		9FA4D3B1223157DD00C5362E /* GameVC.swift in Sources */ = {isa = PBXBuildFile; fileRef = 9FA4D3B0223157DD00C5362E /* GameVC.swift */; };
		9FA4D3B52231580400C5362E /* BeerGameScene.swift in Sources */ = {isa = PBXBuildFile; fileRef = 9FA4D3B42231580400C5362E /* BeerGameScene.swift */; };
		9FA566F322255BEE009CA0D1 /* SwipeEvent.swift in Sources */ = {isa = PBXBuildFile; fileRef = 9FA566F222255BEE009CA0D1 /* SwipeEvent.swift */; };
		9FBFBEA1222FF4310092E8DE /* NearbyLocationsVC.swift in Sources */ = {isa = PBXBuildFile; fileRef = 9FBFBE9F222FF4310092E8DE /* NearbyLocationsVC.swift */; };
		9FBFBEA2222FF4310092E8DE /* NearbyLocationsVC.xib in Resources */ = {isa = PBXBuildFile; fileRef = 9FBFBEA0222FF4310092E8DE /* NearbyLocationsVC.xib */; };
		9FBFBEA4222FF62C0092E8DE /* NearbyLocationsVM.swift in Sources */ = {isa = PBXBuildFile; fileRef = 9FBFBEA3222FF62C0092E8DE /* NearbyLocationsVM.swift */; };
		9FBFBEA62230063A0092E8DE /* LocationRepository.swift in Sources */ = {isa = PBXBuildFile; fileRef = 9FBFBEA52230063A0092E8DE /* LocationRepository.swift */; };
		9FBFBEA8223006880092E8DE /* LocationService.swift in Sources */ = {isa = PBXBuildFile; fileRef = 9FBFBEA7223006880092E8DE /* LocationService.swift */; };
		9FBFBEAA2230069B0092E8DE /* LocationStorage.swift in Sources */ = {isa = PBXBuildFile; fileRef = 9FBFBEA92230069B0092E8DE /* LocationStorage.swift */; };
		9FBFBEAC223007630092E8DE /* LocationsResponse.swift in Sources */ = {isa = PBXBuildFile; fileRef = 9FBFBEAB223007630092E8DE /* LocationsResponse.swift */; };
		9FBFBEAE223007840092E8DE /* Location.swift in Sources */ = {isa = PBXBuildFile; fileRef = 9FBFBEAD223007840092E8DE /* Location.swift */; };
		9FBFBEB0223007980092E8DE /* RMLocation.swift in Sources */ = {isa = PBXBuildFile; fileRef = 9FBFBEAF223007980092E8DE /* RMLocation.swift */; };
		9FFEC6D6222673670071062D /* Localizable.strings in Resources */ = {isa = PBXBuildFile; fileRef = 9FFEC6D8222673670071062D /* Localizable.strings */; };
		9FFEC6DC222693C70071062D /* BreweryRepository.swift in Sources */ = {isa = PBXBuildFile; fileRef = 9FFEC6DB222693C70071062D /* BreweryRepository.swift */; };
		9FFEC6DF2226976C0071062D /* RMBrewery.swift in Sources */ = {isa = PBXBuildFile; fileRef = 9FFEC6DE2226976C0071062D /* RMBrewery.swift */; };
		9FFEC6E1222697880071062D /* Brewery.swift in Sources */ = {isa = PBXBuildFile; fileRef = 9FFEC6E0222697880071062D /* Brewery.swift */; };
		9FFEC6E32226979E0071062D /* BreweryStorage.swift in Sources */ = {isa = PBXBuildFile; fileRef = 9FFEC6E22226979E0071062D /* BreweryStorage.swift */; };
		9FFEC6E5222697BB0071062D /* BreweryService.swift in Sources */ = {isa = PBXBuildFile; fileRef = 9FFEC6E4222697BB0071062D /* BreweryService.swift */; };
		9FFEC6E8222698040071062D /* BreweriesSearchVC.swift in Sources */ = {isa = PBXBuildFile; fileRef = 9FFEC6E6222698040071062D /* BreweriesSearchVC.swift */; };
		9FFEC6E9222698040071062D /* BreweriesSearchVC.xib in Resources */ = {isa = PBXBuildFile; fileRef = 9FFEC6E7222698040071062D /* BreweriesSearchVC.xib */; };
		9FFEC6EB222698110071062D /* BreweriesSearchVM.swift in Sources */ = {isa = PBXBuildFile; fileRef = 9FFEC6EA222698110071062D /* BreweriesSearchVM.swift */; };
		9FFEC6ED2226B1020071062D /* RMBreweryImages.swift in Sources */ = {isa = PBXBuildFile; fileRef = 9FFEC6EC2226B1020071062D /* RMBreweryImages.swift */; };
		9FFEC6EF2226B16E0071062D /* BreweryImages.swift in Sources */ = {isa = PBXBuildFile; fileRef = 9FFEC6EE2226B16E0071062D /* BreweryImages.swift */; };
		B4CC28FB8943CC389F98FF11 /* Pods_BeersAppTests.framework in Frameworks */ = {isa = PBXBuildFile; fileRef = 6DA8A3FF0D934B886EEEC8D2 /* Pods_BeersAppTests.framework */; };
		BFF6F0EE9459EDC5D1A3E284 /* Pods_BeersAppUITests.framework in Frameworks */ = {isa = PBXBuildFile; fileRef = DB0F9B4DDE55EA739E2FFC53 /* Pods_BeersAppUITests.framework */; };
		E92CDC748DE164BFB6FBDFB7 /* Pods_BeersApp.framework in Frameworks */ = {isa = PBXBuildFile; fileRef = C484D139BF5EFE45A355EF69 /* Pods_BeersApp.framework */; };
/* End PBXBuildFile section */

/* Begin PBXContainerItemProxy section */
		9F7088872221D19B00E5205F /* PBXContainerItemProxy */ = {
			isa = PBXContainerItemProxy;
			containerPortal = 9F70886A2221D19A00E5205F /* Project object */;
			proxyType = 1;
			remoteGlobalIDString = 9F7088712221D19A00E5205F;
			remoteInfo = BeersApp;
		};
		9F7088922221D19B00E5205F /* PBXContainerItemProxy */ = {
			isa = PBXContainerItemProxy;
			containerPortal = 9F70886A2221D19A00E5205F /* Project object */;
			proxyType = 1;
			remoteGlobalIDString = 9F7088712221D19A00E5205F;
			remoteInfo = BeersApp;
		};
/* End PBXContainerItemProxy section */

/* Begin PBXFileReference section */
		0FFD2EF53D36DFB6AEA0BDC1 /* Pods-BeersApp.release.xcconfig */ = {isa = PBXFileReference; includeInIndex = 1; lastKnownFileType = text.xcconfig; name = "Pods-BeersApp.release.xcconfig"; path = "Target Support Files/Pods-BeersApp/Pods-BeersApp.release.xcconfig"; sourceTree = "<group>"; };
		243822C865F30D4313600168 /* Pods-BeersAppUITests.release.xcconfig */ = {isa = PBXFileReference; includeInIndex = 1; lastKnownFileType = text.xcconfig; name = "Pods-BeersAppUITests.release.xcconfig"; path = "Target Support Files/Pods-BeersAppUITests/Pods-BeersAppUITests.release.xcconfig"; sourceTree = "<group>"; };
		434B86DDFD5DBEC222217D81 /* Pods-BeersAppTests.debug.xcconfig */ = {isa = PBXFileReference; includeInIndex = 1; lastKnownFileType = text.xcconfig; name = "Pods-BeersAppTests.debug.xcconfig"; path = "Target Support Files/Pods-BeersAppTests/Pods-BeersAppTests.debug.xcconfig"; sourceTree = "<group>"; };
		470A7D34926A6E4EB5951179 /* Pods-BeersAppTests.release.xcconfig */ = {isa = PBXFileReference; includeInIndex = 1; lastKnownFileType = text.xcconfig; name = "Pods-BeersAppTests.release.xcconfig"; path = "Target Support Files/Pods-BeersAppTests/Pods-BeersAppTests.release.xcconfig"; sourceTree = "<group>"; };
		6DA8A3FF0D934B886EEEC8D2 /* Pods_BeersAppTests.framework */ = {isa = PBXFileReference; explicitFileType = wrapper.framework; includeInIndex = 0; path = Pods_BeersAppTests.framework; sourceTree = BUILT_PRODUCTS_DIR; };
		9F21A34A2225BEB50080A537 /* UIResult.swift */ = {isa = PBXFileReference; lastKnownFileType = sourcecode.swift; path = UIResult.swift; sourceTree = "<group>"; };
		9F21A34C2225CD420080A537 /* RMBeerLabel.swift */ = {isa = PBXFileReference; lastKnownFileType = sourcecode.swift; path = RMBeerLabel.swift; sourceTree = "<group>"; };
		9F21A34E2225CDB80080A537 /* BeerLabel.swift */ = {isa = PBXFileReference; lastKnownFileType = sourcecode.swift; path = BeerLabel.swift; sourceTree = "<group>"; };
		9F6B6E1522230547002FE015 /* BeersResponse.swift */ = {isa = PBXFileReference; lastKnownFileType = sourcecode.swift; path = BeersResponse.swift; sourceTree = "<group>"; };
		9F6B6E1722230F9F002FE015 /* BeerCell.swift */ = {isa = PBXFileReference; lastKnownFileType = sourcecode.swift; path = BeerCell.swift; sourceTree = "<group>"; };
		9F6B6E1822230F9F002FE015 /* BeerCell.xib */ = {isa = PBXFileReference; lastKnownFileType = file.xib; path = BeerCell.xib; sourceTree = "<group>"; };
		9F7088722221D19A00E5205F /* BeersApp.app */ = {isa = PBXFileReference; explicitFileType = wrapper.application; includeInIndex = 0; path = BeersApp.app; sourceTree = BUILT_PRODUCTS_DIR; };
		9F7088752221D19A00E5205F /* AppDelegate.swift */ = {isa = PBXFileReference; lastKnownFileType = sourcecode.swift; path = AppDelegate.swift; sourceTree = "<group>"; };
		9F70887C2221D19B00E5205F /* Assets.xcassets */ = {isa = PBXFileReference; lastKnownFileType = folder.assetcatalog; path = Assets.xcassets; sourceTree = "<group>"; };
		9F70887F2221D19B00E5205F /* Base */ = {isa = PBXFileReference; lastKnownFileType = file.storyboard; name = Base; path = Base.lproj/LaunchScreen.storyboard; sourceTree = "<group>"; };
		9F7088812221D19B00E5205F /* Info.plist */ = {isa = PBXFileReference; lastKnownFileType = text.plist.xml; path = Info.plist; sourceTree = "<group>"; };
		9F7088862221D19B00E5205F /* BeersAppTests.xctest */ = {isa = PBXFileReference; explicitFileType = wrapper.cfbundle; includeInIndex = 0; path = BeersAppTests.xctest; sourceTree = BUILT_PRODUCTS_DIR; };
		9F70888A2221D19B00E5205F /* BeersAppTests.swift */ = {isa = PBXFileReference; lastKnownFileType = sourcecode.swift; path = BeersAppTests.swift; sourceTree = "<group>"; };
		9F70888C2221D19B00E5205F /* Info.plist */ = {isa = PBXFileReference; lastKnownFileType = text.plist.xml; path = Info.plist; sourceTree = "<group>"; };
		9F7088912221D19B00E5205F /* BeersAppUITests.xctest */ = {isa = PBXFileReference; explicitFileType = wrapper.cfbundle; includeInIndex = 0; path = BeersAppUITests.xctest; sourceTree = BUILT_PRODUCTS_DIR; };
		9F7088952221D19B00E5205F /* BeersAppUITests.swift */ = {isa = PBXFileReference; lastKnownFileType = sourcecode.swift; path = BeersAppUITests.swift; sourceTree = "<group>"; };
		9F7088972221D19B00E5205F /* Info.plist */ = {isa = PBXFileReference; lastKnownFileType = text.plist.xml; path = Info.plist; sourceTree = "<group>"; };
		9F7088A32221D60E00E5205F /* Network.swift */ = {isa = PBXFileReference; fileEncoding = 4; lastKnownFileType = sourcecode.swift; path = Network.swift; sourceTree = "<group>"; };
		9F7088A42221D60E00E5205F /* ApiEndpoint.swift */ = {isa = PBXFileReference; fileEncoding = 4; lastKnownFileType = sourcecode.swift; path = ApiEndpoint.swift; sourceTree = "<group>"; };
		9F7088A72221D64B00E5205F /* Persistable.swift */ = {isa = PBXFileReference; fileEncoding = 4; lastKnownFileType = sourcecode.swift; path = Persistable.swift; sourceTree = "<group>"; };
		9F7088A92221D64B00E5205F /* ReusableCell.swift */ = {isa = PBXFileReference; fileEncoding = 4; lastKnownFileType = sourcecode.swift; path = ReusableCell.swift; sourceTree = "<group>"; };
		9F7088AD2221D66D00E5205F /* ViewControllerExtensions.swift */ = {isa = PBXFileReference; fileEncoding = 4; lastKnownFileType = sourcecode.swift; path = ViewControllerExtensions.swift; sourceTree = "<group>"; };
		9F7088AE2221D66D00E5205F /* StringExtensions.swift */ = {isa = PBXFileReference; fileEncoding = 4; lastKnownFileType = sourcecode.swift; path = StringExtensions.swift; sourceTree = "<group>"; };
		9F7088AF2221D66D00E5205F /* RxExtensions.swift */ = {isa = PBXFileReference; fileEncoding = 4; lastKnownFileType = sourcecode.swift; path = RxExtensions.swift; sourceTree = "<group>"; };
		9F7088B12221D66D00E5205F /* TableViewExtensions.swift */ = {isa = PBXFileReference; fileEncoding = 4; lastKnownFileType = sourcecode.swift; path = TableViewExtensions.swift; sourceTree = "<group>"; };
		9F7088B82221D68700E5205F /* BaseViewController.swift */ = {isa = PBXFileReference; fileEncoding = 4; lastKnownFileType = sourcecode.swift; path = BaseViewController.swift; sourceTree = "<group>"; };
		9F7088BA2221D68700E5205F /* BaseStorage.swift */ = {isa = PBXFileReference; fileEncoding = 4; lastKnownFileType = sourcecode.swift; path = BaseStorage.swift; sourceTree = "<group>"; };
		9F7088BB2221D68700E5205F /* BaseService.swift */ = {isa = PBXFileReference; fileEncoding = 4; lastKnownFileType = sourcecode.swift; path = BaseService.swift; sourceTree = "<group>"; };
		9F7088C52221D6E300E5205F /* Colors.swift */ = {isa = PBXFileReference; fileEncoding = 4; lastKnownFileType = sourcecode.swift; path = Colors.swift; sourceTree = "<group>"; };
		9F7088C62221D6E300E5205F /* UserDefaultsHelper.swift */ = {isa = PBXFileReference; fileEncoding = 4; lastKnownFileType = sourcecode.swift; path = UserDefaultsHelper.swift; sourceTree = "<group>"; };
		9F7088C72221D6E300E5205F /* Config.swift */ = {isa = PBXFileReference; fileEncoding = 4; lastKnownFileType = sourcecode.swift; path = Config.swift; sourceTree = "<group>"; };
		9F7088C82221D6E400E5205F /* DialogHelper.swift */ = {isa = PBXFileReference; fileEncoding = 4; lastKnownFileType = sourcecode.swift; path = DialogHelper.swift; sourceTree = "<group>"; };
		9F7088C92221D6E400E5205F /* Validation.swift */ = {isa = PBXFileReference; fileEncoding = 4; lastKnownFileType = sourcecode.swift; path = Validation.swift; sourceTree = "<group>"; };
		9F7088CA2221D6E400E5205F /* Constants.swift */ = {isa = PBXFileReference; fileEncoding = 4; lastKnownFileType = sourcecode.swift; path = Constants.swift; sourceTree = "<group>"; };
		9F7088DE2221DB2800E5205F /* Screen.swift */ = {isa = PBXFileReference; fileEncoding = 4; lastKnownFileType = sourcecode.swift; path = Screen.swift; sourceTree = "<group>"; };
		9F7088E12221DBE300E5205F /* DatabaseManager.swift */ = {isa = PBXFileReference; lastKnownFileType = sourcecode.swift; path = DatabaseManager.swift; sourceTree = "<group>"; };
		9F7088E32221DC2700E5205F /* SingletonContainer.swift */ = {isa = PBXFileReference; lastKnownFileType = sourcecode.swift; path = SingletonContainer.swift; sourceTree = "<group>"; };
		9F7088E52221DC9800E5205F /* ViewModelContainter.swift */ = {isa = PBXFileReference; lastKnownFileType = sourcecode.swift; path = ViewModelContainter.swift; sourceTree = "<group>"; };
		9F7088E72221DD1000E5205F /* ViewControllerContainer.swift */ = {isa = PBXFileReference; lastKnownFileType = sourcecode.swift; path = ViewControllerContainer.swift; sourceTree = "<group>"; };
		9F7088E92221DEE100E5205F /* ViewModelType.swift */ = {isa = PBXFileReference; lastKnownFileType = sourcecode.swift; path = ViewModelType.swift; sourceTree = "<group>"; };
		9F73C76A222D1E4900CB34AF /* AddBeerVM.swift */ = {isa = PBXFileReference; lastKnownFileType = sourcecode.swift; path = AddBeerVM.swift; sourceTree = "<group>"; };
		9F73C76C222D1F3500CB34AF /* AddBeerVC.swift */ = {isa = PBXFileReference; lastKnownFileType = sourcecode.swift; path = AddBeerVC.swift; sourceTree = "<group>"; };
		9F73C76D222D1F3500CB34AF /* AddBeerVC.xib */ = {isa = PBXFileReference; lastKnownFileType = file.xib; path = AddBeerVC.xib; sourceTree = "<group>"; };
		9F73C770222D21AB00CB34AF /* CellExpandDelegate.swift */ = {isa = PBXFileReference; lastKnownFileType = sourcecode.swift; path = CellExpandDelegate.swift; sourceTree = "<group>"; };
		9F73C773222D32E900CB34AF /* AppButton.swift */ = {isa = PBXFileReference; lastKnownFileType = sourcecode.swift; path = AppButton.swift; sourceTree = "<group>"; };
		9F73C775222D503A00CB34AF /* ValidatableTextField.swift */ = {isa = PBXFileReference; lastKnownFileType = sourcecode.swift; path = ValidatableTextField.swift; sourceTree = "<group>"; };
		9F73C777222D651300CB34AF /* PersonalBeer.swift */ = {isa = PBXFileReference; lastKnownFileType = sourcecode.swift; path = PersonalBeer.swift; sourceTree = "<group>"; };
		9F80BB452222C4630094333F /* ActivityIndicator.swift */ = {isa = PBXFileReference; fileEncoding = 4; lastKnownFileType = sourcecode.swift; path = ActivityIndicator.swift; sourceTree = "<group>"; };
		9F80BB462222C4640094333F /* ErrorTracker.swift */ = {isa = PBXFileReference; fileEncoding = 4; lastKnownFileType = sourcecode.swift; path = ErrorTracker.swift; sourceTree = "<group>"; };
		9F80BB4C2222C8C60094333F /* BeerSearchVM.swift */ = {isa = PBXFileReference; lastKnownFileType = sourcecode.swift; path = BeerSearchVM.swift; sourceTree = "<group>"; };
		9F80BB522222CB400094333F /* BeerStorage.swift */ = {isa = PBXFileReference; lastKnownFileType = sourcecode.swift; path = BeerStorage.swift; sourceTree = "<group>"; };
		9F80BB552222CB7B0094333F /* BeerService.swift */ = {isa = PBXFileReference; lastKnownFileType = sourcecode.swift; path = BeerService.swift; sourceTree = "<group>"; };
		9F80BB572222CDBC0094333F /* BeerRepository.swift */ = {isa = PBXFileReference; lastKnownFileType = sourcecode.swift; path = BeerRepository.swift; sourceTree = "<group>"; };
		9F85BFEC22329A500020A7C4 /* GameStartOrOverScene.swift */ = {isa = PBXFileReference; lastKnownFileType = sourcecode.swift; path = GameStartOrOverScene.swift; sourceTree = "<group>"; };
		9F89DE0B2221F07A0031989B /* RMBeer.swift */ = {isa = PBXFileReference; lastKnownFileType = sourcecode.swift; path = RMBeer.swift; sourceTree = "<group>"; };
		9F89DE0D2221F08E0031989B /* Beer.swift */ = {isa = PBXFileReference; lastKnownFileType = sourcecode.swift; path = Beer.swift; sourceTree = "<group>"; };
		9F89DE0F2221F25B0031989B /* BeerStyle.swift */ = {isa = PBXFileReference; lastKnownFileType = sourcecode.swift; path = BeerStyle.swift; sourceTree = "<group>"; };
		9F89DE112221F2AA0031989B /* BeerCategory.swift */ = {isa = PBXFileReference; lastKnownFileType = sourcecode.swift; path = BeerCategory.swift; sourceTree = "<group>"; };
		9F89DE132221F5890031989B /* DomainData.swift */ = {isa = PBXFileReference; lastKnownFileType = sourcecode.swift; path = DomainData.swift; sourceTree = "<group>"; };
		9F89DE152221F6320031989B /* RMBeerStyle.swift */ = {isa = PBXFileReference; lastKnownFileType = sourcecode.swift; path = RMBeerStyle.swift; sourceTree = "<group>"; };
		9F89DE172221F6440031989B /* RMBeerCategory.swift */ = {isa = PBXFileReference; lastKnownFileType = sourcecode.swift; path = RMBeerCategory.swift; sourceTree = "<group>"; };
		9F89DE192221FB610031989B /* RealmExtensions.swift */ = {isa = PBXFileReference; lastKnownFileType = sourcecode.swift; path = RealmExtensions.swift; sourceTree = "<group>"; };
		9F89DE1C22220CD50031989B /* BeerSearchVC.swift */ = {isa = PBXFileReference; lastKnownFileType = sourcecode.swift; path = BeerSearchVC.swift; sourceTree = "<group>"; };
		9F89DE1D22220CD50031989B /* BeerSearchVC.xib */ = {isa = PBXFileReference; lastKnownFileType = file.xib; path = BeerSearchVC.xib; sourceTree = "<group>"; };
		9F8D83B9222939E300DDAFAA /* BreweriesResponse.swift */ = {isa = PBXFileReference; lastKnownFileType = sourcecode.swift; path = BreweriesResponse.swift; sourceTree = "<group>"; };
		9F8D83BB222968AB00DDAFAA /* BreweryCell.swift */ = {isa = PBXFileReference; lastKnownFileType = sourcecode.swift; path = BreweryCell.swift; sourceTree = "<group>"; };
		9F8D83BC222968AB00DDAFAA /* BreweryCell.xib */ = {isa = PBXFileReference; lastKnownFileType = file.xib; path = BreweryCell.xib; sourceTree = "<group>"; };
		9F8D83BF2229737500DDAFAA /* ReusableCollectionCell.swift */ = {isa = PBXFileReference; lastKnownFileType = sourcecode.swift; path = ReusableCollectionCell.swift; sourceTree = "<group>"; };
		9F8D83C1222973C800DDAFAA /* CollectionViewExtensions.swift */ = {isa = PBXFileReference; lastKnownFileType = sourcecode.swift; path = CollectionViewExtensions.swift; sourceTree = "<group>"; };
		9F9FEF9D2223DFED00E5EF49 /* SWRevealVC.swift */ = {isa = PBXFileReference; lastKnownFileType = sourcecode.swift; path = SWRevealVC.swift; sourceTree = "<group>"; };
		9F9FEFA12223E0EA00E5EF49 /* Menu.swift */ = {isa = PBXFileReference; lastKnownFileType = sourcecode.swift; path = Menu.swift; sourceTree = "<group>"; };
		9F9FEFA42223E2CB00E5EF49 /* SavedBeersVC.swift */ = {isa = PBXFileReference; lastKnownFileType = sourcecode.swift; path = SavedBeersVC.swift; sourceTree = "<group>"; };
		9F9FEFA52223E2CB00E5EF49 /* SavedBeersVC.xib */ = {isa = PBXFileReference; lastKnownFileType = file.xib; path = SavedBeersVC.xib; sourceTree = "<group>"; };
		9F9FEFA82223E36200E5EF49 /* MenuVC.swift */ = {isa = PBXFileReference; lastKnownFileType = sourcecode.swift; path = MenuVC.swift; sourceTree = "<group>"; };
		9F9FEFA92223E36200E5EF49 /* MenuVC.xib */ = {isa = PBXFileReference; lastKnownFileType = file.xib; path = MenuVC.xib; sourceTree = "<group>"; };
		9F9FEFAD2223E3EB00E5EF49 /* MenuItemCell.swift */ = {isa = PBXFileReference; lastKnownFileType = sourcecode.swift; path = MenuItemCell.swift; sourceTree = "<group>"; };
		9F9FEFAE2223E3EB00E5EF49 /* MenuItemCell.xib */ = {isa = PBXFileReference; lastKnownFileType = file.xib; path = MenuItemCell.xib; sourceTree = "<group>"; };
		9F9FEFB12223F47000E5EF49 /* MenuChildViewController.swift */ = {isa = PBXFileReference; lastKnownFileType = sourcecode.swift; path = MenuChildViewController.swift; sourceTree = "<group>"; };
		9F9FEFB32223F5DA00E5EF49 /* SavedBeersVM.swift */ = {isa = PBXFileReference; lastKnownFileType = sourcecode.swift; path = SavedBeersVM.swift; sourceTree = "<group>"; };
		9F9FEFB622240F3300E5EF49 /* BeerDetailsVC.swift */ = {isa = PBXFileReference; lastKnownFileType = sourcecode.swift; path = BeerDetailsVC.swift; sourceTree = "<group>"; };
		9F9FEFB722240F3300E5EF49 /* BeerDetailsVC.xib */ = {isa = PBXFileReference; lastKnownFileType = file.xib; path = BeerDetailsVC.xib; sourceTree = "<group>"; };
		9FA4D3B0223157DD00C5362E /* GameVC.swift */ = {isa = PBXFileReference; lastKnownFileType = sourcecode.swift; path = GameVC.swift; sourceTree = "<group>"; };
		9FA4D3B42231580400C5362E /* BeerGameScene.swift */ = {isa = PBXFileReference; lastKnownFileType = sourcecode.swift; path = BeerGameScene.swift; sourceTree = "<group>"; };
		9FA566F222255BEE009CA0D1 /* SwipeEvent.swift */ = {isa = PBXFileReference; lastKnownFileType = sourcecode.swift; path = SwipeEvent.swift; sourceTree = "<group>"; };
		9FBFBE9F222FF4310092E8DE /* NearbyLocationsVC.swift */ = {isa = PBXFileReference; lastKnownFileType = sourcecode.swift; path = NearbyLocationsVC.swift; sourceTree = "<group>"; };
		9FBFBEA0222FF4310092E8DE /* NearbyLocationsVC.xib */ = {isa = PBXFileReference; lastKnownFileType = file.xib; path = NearbyLocationsVC.xib; sourceTree = "<group>"; };
		9FBFBEA3222FF62C0092E8DE /* NearbyLocationsVM.swift */ = {isa = PBXFileReference; lastKnownFileType = sourcecode.swift; path = NearbyLocationsVM.swift; sourceTree = "<group>"; };
		9FBFBEA52230063A0092E8DE /* LocationRepository.swift */ = {isa = PBXFileReference; lastKnownFileType = sourcecode.swift; path = LocationRepository.swift; sourceTree = "<group>"; };
		9FBFBEA7223006880092E8DE /* LocationService.swift */ = {isa = PBXFileReference; lastKnownFileType = sourcecode.swift; path = LocationService.swift; sourceTree = "<group>"; };
		9FBFBEA92230069B0092E8DE /* LocationStorage.swift */ = {isa = PBXFileReference; lastKnownFileType = sourcecode.swift; path = LocationStorage.swift; sourceTree = "<group>"; };
		9FBFBEAB223007630092E8DE /* LocationsResponse.swift */ = {isa = PBXFileReference; lastKnownFileType = sourcecode.swift; path = LocationsResponse.swift; sourceTree = "<group>"; };
		9FBFBEAD223007840092E8DE /* Location.swift */ = {isa = PBXFileReference; lastKnownFileType = sourcecode.swift; path = Location.swift; sourceTree = "<group>"; };
		9FBFBEAF223007980092E8DE /* RMLocation.swift */ = {isa = PBXFileReference; lastKnownFileType = sourcecode.swift; path = RMLocation.swift; sourceTree = "<group>"; };
		9FFEC6D7222673670071062D /* en */ = {isa = PBXFileReference; lastKnownFileType = text.plist.strings; name = en; path = en.lproj/Localizable.strings; sourceTree = "<group>"; };
		9FFEC6D9222674000071062D /* hr */ = {isa = PBXFileReference; lastKnownFileType = text.plist.strings; name = hr; path = hr.lproj/LaunchScreen.strings; sourceTree = "<group>"; };
		9FFEC6DA222674010071062D /* hr */ = {isa = PBXFileReference; lastKnownFileType = text.plist.strings; name = hr; path = hr.lproj/Localizable.strings; sourceTree = "<group>"; };
		9FFEC6DB222693C70071062D /* BreweryRepository.swift */ = {isa = PBXFileReference; lastKnownFileType = sourcecode.swift; path = BreweryRepository.swift; sourceTree = "<group>"; };
		9FFEC6DE2226976C0071062D /* RMBrewery.swift */ = {isa = PBXFileReference; lastKnownFileType = sourcecode.swift; path = RMBrewery.swift; sourceTree = "<group>"; };
		9FFEC6E0222697880071062D /* Brewery.swift */ = {isa = PBXFileReference; lastKnownFileType = sourcecode.swift; path = Brewery.swift; sourceTree = "<group>"; };
		9FFEC6E22226979E0071062D /* BreweryStorage.swift */ = {isa = PBXFileReference; lastKnownFileType = sourcecode.swift; path = BreweryStorage.swift; sourceTree = "<group>"; };
		9FFEC6E4222697BB0071062D /* BreweryService.swift */ = {isa = PBXFileReference; lastKnownFileType = sourcecode.swift; path = BreweryService.swift; sourceTree = "<group>"; };
		9FFEC6E6222698040071062D /* BreweriesSearchVC.swift */ = {isa = PBXFileReference; lastKnownFileType = sourcecode.swift; path = BreweriesSearchVC.swift; sourceTree = "<group>"; };
		9FFEC6E7222698040071062D /* BreweriesSearchVC.xib */ = {isa = PBXFileReference; lastKnownFileType = file.xib; path = BreweriesSearchVC.xib; sourceTree = "<group>"; };
		9FFEC6EA222698110071062D /* BreweriesSearchVM.swift */ = {isa = PBXFileReference; lastKnownFileType = sourcecode.swift; path = BreweriesSearchVM.swift; sourceTree = "<group>"; };
		9FFEC6EC2226B1020071062D /* RMBreweryImages.swift */ = {isa = PBXFileReference; lastKnownFileType = sourcecode.swift; path = RMBreweryImages.swift; sourceTree = "<group>"; };
		9FFEC6EE2226B16E0071062D /* BreweryImages.swift */ = {isa = PBXFileReference; lastKnownFileType = sourcecode.swift; path = BreweryImages.swift; sourceTree = "<group>"; };
		C484D139BF5EFE45A355EF69 /* Pods_BeersApp.framework */ = {isa = PBXFileReference; explicitFileType = wrapper.framework; includeInIndex = 0; path = Pods_BeersApp.framework; sourceTree = BUILT_PRODUCTS_DIR; };
		C8FA71DF8D2A8F949F3ED724 /* Pods-BeersAppUITests.debug.xcconfig */ = {isa = PBXFileReference; includeInIndex = 1; lastKnownFileType = text.xcconfig; name = "Pods-BeersAppUITests.debug.xcconfig"; path = "Target Support Files/Pods-BeersAppUITests/Pods-BeersAppUITests.debug.xcconfig"; sourceTree = "<group>"; };
		DB0F9B4DDE55EA739E2FFC53 /* Pods_BeersAppUITests.framework */ = {isa = PBXFileReference; explicitFileType = wrapper.framework; includeInIndex = 0; path = Pods_BeersAppUITests.framework; sourceTree = BUILT_PRODUCTS_DIR; };
		EFF9EE073EA5933F8F843C4B /* Pods-BeersApp.debug.xcconfig */ = {isa = PBXFileReference; includeInIndex = 1; lastKnownFileType = text.xcconfig; name = "Pods-BeersApp.debug.xcconfig"; path = "Target Support Files/Pods-BeersApp/Pods-BeersApp.debug.xcconfig"; sourceTree = "<group>"; };
/* End PBXFileReference section */

/* Begin PBXFrameworksBuildPhase section */
		9F70886F2221D19A00E5205F /* Frameworks */ = {
			isa = PBXFrameworksBuildPhase;
			buildActionMask = 2147483647;
			files = (
				E92CDC748DE164BFB6FBDFB7 /* Pods_BeersApp.framework in Frameworks */,
			);
			runOnlyForDeploymentPostprocessing = 0;
		};
		9F7088832221D19B00E5205F /* Frameworks */ = {
			isa = PBXFrameworksBuildPhase;
			buildActionMask = 2147483647;
			files = (
				B4CC28FB8943CC389F98FF11 /* Pods_BeersAppTests.framework in Frameworks */,
			);
			runOnlyForDeploymentPostprocessing = 0;
		};
		9F70888E2221D19B00E5205F /* Frameworks */ = {
			isa = PBXFrameworksBuildPhase;
			buildActionMask = 2147483647;
			files = (
				BFF6F0EE9459EDC5D1A3E284 /* Pods_BeersAppUITests.framework in Frameworks */,
			);
			runOnlyForDeploymentPostprocessing = 0;
		};
/* End PBXFrameworksBuildPhase section */

/* Begin PBXGroup section */
		5C563DC6EC02D894DA2B5FAC /* Pods */ = {
			isa = PBXGroup;
			children = (
				EFF9EE073EA5933F8F843C4B /* Pods-BeersApp.debug.xcconfig */,
				0FFD2EF53D36DFB6AEA0BDC1 /* Pods-BeersApp.release.xcconfig */,
				434B86DDFD5DBEC222217D81 /* Pods-BeersAppTests.debug.xcconfig */,
				470A7D34926A6E4EB5951179 /* Pods-BeersAppTests.release.xcconfig */,
				C8FA71DF8D2A8F949F3ED724 /* Pods-BeersAppUITests.debug.xcconfig */,
				243822C865F30D4313600168 /* Pods-BeersAppUITests.release.xcconfig */,
			);
			path = Pods;
			sourceTree = "<group>";
		};
		9F21A3492225B9DD0080A537 /* Beer */ = {
			isa = PBXGroup;
			children = (
				9F73C765222D1DCD00CB34AF /* Add Beer */,
				9F9FEFA32223E2AA00E5EF49 /* SavedBeers */,
				9F80BB592222D6330094333F /* Beer Cell */,
				9F9FEFB522240F1B00E5EF49 /* BeerDetails */,
				9F80BB4B2222C89A0094333F /* BeerSearch */,
			);
			path = Beer;
			sourceTree = "<group>";
		};
		9F6B6E1422230525002FE015 /* Responses */ = {
			isa = PBXGroup;
			children = (
				9F6B6E1522230547002FE015 /* BeersResponse.swift */,
				9F8D83B9222939E300DDAFAA /* BreweriesResponse.swift */,
				9FBFBEAB223007630092E8DE /* LocationsResponse.swift */,
			);
			path = Responses;
			sourceTree = "<group>";
		};
		9F7088692221D19A00E5205F = {
			isa = PBXGroup;
			children = (
				9F7088742221D19A00E5205F /* BeersApp */,
				9F7088892221D19B00E5205F /* BeersAppTests */,
				9F7088942221D19B00E5205F /* BeersAppUITests */,
				9F7088732221D19A00E5205F /* Products */,
				5C563DC6EC02D894DA2B5FAC /* Pods */,
				C1257A06E2BDF31F6ED2C0CF /* Frameworks */,
			);
			sourceTree = "<group>";
		};
		9F7088732221D19A00E5205F /* Products */ = {
			isa = PBXGroup;
			children = (
				9F7088722221D19A00E5205F /* BeersApp.app */,
				9F7088862221D19B00E5205F /* BeersAppTests.xctest */,
				9F7088912221D19B00E5205F /* BeersAppUITests.xctest */,
			);
			name = Products;
			sourceTree = "<group>";
		};
		9F7088742221D19A00E5205F /* BeersApp */ = {
			isa = PBXGroup;
			children = (
				9F73C772222D329400CB34AF /* Views */,
				9F80BB4E2222CA9C0094333F /* Repository */,
				9F89DE1B22220CAE0031989B /* UI */,
				9F7088E02221DB7400E5205F /* DI */,
				9F7088D92221DA6200E5205F /* Data */,
				9F7088D82221DA5500E5205F /* Util */,
				9F7088D52221D9EC00E5205F /* Config */,
				9F7088D42221D9E000E5205F /* Common */,
				9F7088752221D19A00E5205F /* AppDelegate.swift */,
				9F70887C2221D19B00E5205F /* Assets.xcassets */,
				9F70887E2221D19B00E5205F /* LaunchScreen.storyboard */,
				9FFEC6D8222673670071062D /* Localizable.strings */,
				9F7088812221D19B00E5205F /* Info.plist */,
			);
			path = BeersApp;
			sourceTree = "<group>";
		};
		9F7088892221D19B00E5205F /* BeersAppTests */ = {
			isa = PBXGroup;
			children = (
				9F70888A2221D19B00E5205F /* BeersAppTests.swift */,
				9F70888C2221D19B00E5205F /* Info.plist */,
			);
			path = BeersAppTests;
			sourceTree = "<group>";
		};
		9F7088942221D19B00E5205F /* BeersAppUITests */ = {
			isa = PBXGroup;
			children = (
				9F7088952221D19B00E5205F /* BeersAppUITests.swift */,
				9F7088972221D19B00E5205F /* Info.plist */,
			);
			path = BeersAppUITests;
			sourceTree = "<group>";
		};
		9F7088D42221D9E000E5205F /* Common */ = {
			isa = PBXGroup;
			children = (
				9F89DE072221EBD00031989B /* Protocols */,
				9F7088D72221DA1700E5205F /* Extensions */,
				9F7088D62221D9FA00E5205F /* Base */,
				9F9FEFA12223E0EA00E5EF49 /* Menu.swift */,
				9F7088DE2221DB2800E5205F /* Screen.swift */,
				9FA566F222255BEE009CA0D1 /* SwipeEvent.swift */,
				9F21A34A2225BEB50080A537 /* UIResult.swift */,
			);
			path = Common;
			sourceTree = "<group>";
		};
		9F7088D52221D9EC00E5205F /* Config */ = {
			isa = PBXGroup;
			children = (
				9F7088C52221D6E300E5205F /* Colors.swift */,
				9F7088C72221D6E300E5205F /* Config.swift */,
				9F7088CA2221D6E400E5205F /* Constants.swift */,
			);
			path = Config;
			sourceTree = "<group>";
		};
		9F7088D62221D9FA00E5205F /* Base */ = {
			isa = PBXGroup;
			children = (
				9F7088BB2221D68700E5205F /* BaseService.swift */,
				9F7088BA2221D68700E5205F /* BaseStorage.swift */,
				9F7088B82221D68700E5205F /* BaseViewController.swift */,
				9F9FEFB12223F47000E5EF49 /* MenuChildViewController.swift */,
			);
			path = Base;
			sourceTree = "<group>";
		};
		9F7088D72221DA1700E5205F /* Extensions */ = {
			isa = PBXGroup;
			children = (
				9F7088AF2221D66D00E5205F /* RxExtensions.swift */,
				9F7088AE2221D66D00E5205F /* StringExtensions.swift */,
				9F7088B12221D66D00E5205F /* TableViewExtensions.swift */,
				9F7088AD2221D66D00E5205F /* ViewControllerExtensions.swift */,
				9F89DE192221FB610031989B /* RealmExtensions.swift */,
				9F8D83C1222973C800DDAFAA /* CollectionViewExtensions.swift */,
			);
			path = Extensions;
			sourceTree = "<group>";
		};
		9F7088D82221DA5500E5205F /* Util */ = {
			isa = PBXGroup;
			children = (
				9F80BB452222C4630094333F /* ActivityIndicator.swift */,
				9F80BB462222C4640094333F /* ErrorTracker.swift */,
				9F7088C82221D6E400E5205F /* DialogHelper.swift */,
				9F7088C92221D6E400E5205F /* Validation.swift */,
			);
			path = Util;
			sourceTree = "<group>";
		};
		9F7088D92221DA6200E5205F /* Data */ = {
			isa = PBXGroup;
			children = (
				9F89DE082221ECC50031989B /* Models */,
				9F7088DB2221DAE300E5205F /* Database */,
				9F7088DA2221DA7200E5205F /* Network */,
				9F7088C62221D6E300E5205F /* UserDefaultsHelper.swift */,
			);
			path = Data;
			sourceTree = "<group>";
		};
		9F7088DA2221DA7200E5205F /* Network */ = {
			isa = PBXGroup;
			children = (
				9F80BB542222CB6F0094333F /* Service */,
				9F7088A42221D60E00E5205F /* ApiEndpoint.swift */,
				9F7088A32221D60E00E5205F /* Network.swift */,
			);
			path = Network;
			sourceTree = "<group>";
		};
		9F7088DB2221DAE300E5205F /* Database */ = {
			isa = PBXGroup;
			children = (
				9F80BB512222CB1F0094333F /* Storage */,
				9F7088E12221DBE300E5205F /* DatabaseManager.swift */,
			);
			path = Database;
			sourceTree = "<group>";
		};
		9F7088E02221DB7400E5205F /* DI */ = {
			isa = PBXGroup;
			children = (
				9F7088E32221DC2700E5205F /* SingletonContainer.swift */,
				9F7088E52221DC9800E5205F /* ViewModelContainter.swift */,
				9F7088E72221DD1000E5205F /* ViewControllerContainer.swift */,
			);
			path = DI;
			sourceTree = "<group>";
		};
		9F73C765222D1DCD00CB34AF /* Add Beer */ = {
			isa = PBXGroup;
			children = (
				9F73C76C222D1F3500CB34AF /* AddBeerVC.swift */,
				9F73C76D222D1F3500CB34AF /* AddBeerVC.xib */,
				9F73C76A222D1E4900CB34AF /* AddBeerVM.swift */,
			);
			path = "Add Beer";
			sourceTree = "<group>";
		};
		9F73C772222D329400CB34AF /* Views */ = {
			isa = PBXGroup;
			children = (
				9F73C773222D32E900CB34AF /* AppButton.swift */,
				9F73C775222D503A00CB34AF /* ValidatableTextField.swift */,
			);
			path = Views;
			sourceTree = "<group>";
		};
		9F80BB4B2222C89A0094333F /* BeerSearch */ = {
			isa = PBXGroup;
			children = (
				9F89DE1C22220CD50031989B /* BeerSearchVC.swift */,
				9F89DE1D22220CD50031989B /* BeerSearchVC.xib */,
				9F80BB4C2222C8C60094333F /* BeerSearchVM.swift */,
			);
			path = BeerSearch;
			sourceTree = "<group>";
		};
		9F80BB4E2222CA9C0094333F /* Repository */ = {
			isa = PBXGroup;
			children = (
				9F80BB572222CDBC0094333F /* BeerRepository.swift */,
				9FFEC6DB222693C70071062D /* BreweryRepository.swift */,
				9FBFBEA52230063A0092E8DE /* LocationRepository.swift */,
			);
			path = Repository;
			sourceTree = "<group>";
		};
		9F80BB512222CB1F0094333F /* Storage */ = {
			isa = PBXGroup;
			children = (
				9F80BB522222CB400094333F /* BeerStorage.swift */,
				9FFEC6E22226979E0071062D /* BreweryStorage.swift */,
				9FBFBEA92230069B0092E8DE /* LocationStorage.swift */,
			);
			path = Storage;
			sourceTree = "<group>";
		};
		9F80BB542222CB6F0094333F /* Service */ = {
			isa = PBXGroup;
			children = (
				9F80BB552222CB7B0094333F /* BeerService.swift */,
				9FFEC6E4222697BB0071062D /* BreweryService.swift */,
				9FBFBEA7223006880092E8DE /* LocationService.swift */,
			);
			path = Service;
			sourceTree = "<group>";
		};
		9F80BB592222D6330094333F /* Beer Cell */ = {
			isa = PBXGroup;
			children = (
				9F6B6E1722230F9F002FE015 /* BeerCell.swift */,
				9F6B6E1822230F9F002FE015 /* BeerCell.xib */,
			);
			path = "Beer Cell";
			sourceTree = "<group>";
		};
		9F89DE072221EBD00031989B /* Protocols */ = {
			isa = PBXGroup;
			children = (
				9F7088A92221D64B00E5205F /* ReusableCell.swift */,
				9F7088E92221DEE100E5205F /* ViewModelType.swift */,
				9F7088A72221D64B00E5205F /* Persistable.swift */,
				9F89DE132221F5890031989B /* DomainData.swift */,
				9F8D83BF2229737500DDAFAA /* ReusableCollectionCell.swift */,
				9F73C770222D21AB00CB34AF /* CellExpandDelegate.swift */,
			);
			path = Protocols;
			sourceTree = "<group>";
		};
		9F89DE082221ECC50031989B /* Models */ = {
			isa = PBXGroup;
			children = (
				9F89DE0A2221ECDB0031989B /* Persistance */,
				9F89DE092221ECD10031989B /* Domain */,
			);
			path = Models;
			sourceTree = "<group>";
		};
		9F89DE092221ECD10031989B /* Domain */ = {
			isa = PBXGroup;
			children = (
				9F6B6E1422230525002FE015 /* Responses */,
				9F89DE0D2221F08E0031989B /* Beer.swift */,
				9F89DE0F2221F25B0031989B /* BeerStyle.swift */,
				9F89DE112221F2AA0031989B /* BeerCategory.swift */,
				9F21A34E2225CDB80080A537 /* BeerLabel.swift */,
				9FFEC6E0222697880071062D /* Brewery.swift */,
				9FFEC6EE2226B16E0071062D /* BreweryImages.swift */,
				9F73C777222D651300CB34AF /* PersonalBeer.swift */,
				9FBFBEAD223007840092E8DE /* Location.swift */,
			);
			path = Domain;
			sourceTree = "<group>";
		};
		9F89DE0A2221ECDB0031989B /* Persistance */ = {
			isa = PBXGroup;
			children = (
				9F89DE0B2221F07A0031989B /* RMBeer.swift */,
				9F89DE152221F6320031989B /* RMBeerStyle.swift */,
				9F89DE172221F6440031989B /* RMBeerCategory.swift */,
				9F21A34C2225CD420080A537 /* RMBeerLabel.swift */,
				9FFEC6DE2226976C0071062D /* RMBrewery.swift */,
				9FFEC6EC2226B1020071062D /* RMBreweryImages.swift */,
				9FBFBEAF223007980092E8DE /* RMLocation.swift */,
			);
			path = Persistance;
			sourceTree = "<group>";
		};
		9F89DE1B22220CAE0031989B /* UI */ = {
			isa = PBXGroup;
			children = (
				9FA4D3AF223157C600C5362E /* Game */,
				9FBFBE9C222FF3870092E8DE /* Locations */,
				9FFEC6DD222693CD0071062D /* Brewery */,
				9F21A3492225B9DD0080A537 /* Beer */,
				9F9FEF9C2223DF6600E5EF49 /* MainMenu */,
			);
			path = UI;
			sourceTree = "<group>";
		};
		9F8D83B32229340700DDAFAA /* Brewery Search */ = {
			isa = PBXGroup;
			children = (
				9FFEC6E6222698040071062D /* BreweriesSearchVC.swift */,
				9FFEC6E7222698040071062D /* BreweriesSearchVC.xib */,
				9FFEC6EA222698110071062D /* BreweriesSearchVM.swift */,
			);
			path = "Brewery Search";
			sourceTree = "<group>";
		};
		9F8D83B42229342400DDAFAA /* Brewery Cell */ = {
			isa = PBXGroup;
			children = (
				9F8D83BB222968AB00DDAFAA /* BreweryCell.swift */,
				9F8D83BC222968AB00DDAFAA /* BreweryCell.xib */,
			);
			path = "Brewery Cell";
			sourceTree = "<group>";
		};
		9F9FEF9C2223DF6600E5EF49 /* MainMenu */ = {
			isa = PBXGroup;
			children = (
				9F9FEFAC2223E3CF00E5EF49 /* MenuItemCell */,
				9F9FEF9D2223DFED00E5EF49 /* SWRevealVC.swift */,
				9F9FEFA82223E36200E5EF49 /* MenuVC.swift */,
				9F9FEFA92223E36200E5EF49 /* MenuVC.xib */,
			);
			path = MainMenu;
			sourceTree = "<group>";
		};
		9F9FEFA32223E2AA00E5EF49 /* SavedBeers */ = {
			isa = PBXGroup;
			children = (
				9F9FEFA42223E2CB00E5EF49 /* SavedBeersVC.swift */,
				9F9FEFA52223E2CB00E5EF49 /* SavedBeersVC.xib */,
				9F9FEFB32223F5DA00E5EF49 /* SavedBeersVM.swift */,
			);
			path = SavedBeers;
			sourceTree = "<group>";
		};
		9F9FEFAC2223E3CF00E5EF49 /* MenuItemCell */ = {
			isa = PBXGroup;
			children = (
				9F9FEFAD2223E3EB00E5EF49 /* MenuItemCell.swift */,
				9F9FEFAE2223E3EB00E5EF49 /* MenuItemCell.xib */,
			);
			path = MenuItemCell;
			sourceTree = "<group>";
		};
		9F9FEFB522240F1B00E5EF49 /* BeerDetails */ = {
			isa = PBXGroup;
			children = (
				9F9FEFB622240F3300E5EF49 /* BeerDetailsVC.swift */,
				9F9FEFB722240F3300E5EF49 /* BeerDetailsVC.xib */,
			);
			path = BeerDetails;
			sourceTree = "<group>";
		};
		9FA4D3AF223157C600C5362E /* Game */ = {
			isa = PBXGroup;
			children = (
				9FA4D3B0223157DD00C5362E /* GameVC.swift */,
				9FA4D3B42231580400C5362E /* BeerGameScene.swift */,
				9F85BFEC22329A500020A7C4 /* GameStartOrOverScene.swift */,
			);
			path = Game;
			sourceTree = "<group>";
		};
		9FBFBE9C222FF3870092E8DE /* Locations */ = {
			isa = PBXGroup;
			children = (
				9FBFBE9F222FF4310092E8DE /* NearbyLocationsVC.swift */,
				9FBFBEA0222FF4310092E8DE /* NearbyLocationsVC.xib */,
				9FBFBEA3222FF62C0092E8DE /* NearbyLocationsVM.swift */,
			);
			path = Locations;
			sourceTree = "<group>";
		};
		9FFEC6DD222693CD0071062D /* Brewery */ = {
			isa = PBXGroup;
			children = (
				9F8D83B42229342400DDAFAA /* Brewery Cell */,
				9F8D83B32229340700DDAFAA /* Brewery Search */,
			);
			path = Brewery;
			sourceTree = "<group>";
		};
		C1257A06E2BDF31F6ED2C0CF /* Frameworks */ = {
			isa = PBXGroup;
			children = (
				C484D139BF5EFE45A355EF69 /* Pods_BeersApp.framework */,
				6DA8A3FF0D934B886EEEC8D2 /* Pods_BeersAppTests.framework */,
				DB0F9B4DDE55EA739E2FFC53 /* Pods_BeersAppUITests.framework */,
			);
			name = Frameworks;
			sourceTree = "<group>";
		};
/* End PBXGroup section */

/* Begin PBXNativeTarget section */
		9F7088712221D19A00E5205F /* BeersApp */ = {
			isa = PBXNativeTarget;
			buildConfigurationList = 9F70889A2221D19B00E5205F /* Build configuration list for PBXNativeTarget "BeersApp" */;
			buildPhases = (
				EBA63321636B60C283305542 /* [CP] Check Pods Manifest.lock */,
				9F70886E2221D19A00E5205F /* Sources */,
				9F70886F2221D19A00E5205F /* Frameworks */,
				9F7088702221D19A00E5205F /* Resources */,
				421CD4D453C66ED391B5C104 /* [CP] Embed Pods Frameworks */,
			);
			buildRules = (
			);
			dependencies = (
			);
			name = BeersApp;
			productName = BeersApp;
			productReference = 9F7088722221D19A00E5205F /* BeersApp.app */;
			productType = "com.apple.product-type.application";
		};
		9F7088852221D19B00E5205F /* BeersAppTests */ = {
			isa = PBXNativeTarget;
			buildConfigurationList = 9F70889D2221D19B00E5205F /* Build configuration list for PBXNativeTarget "BeersAppTests" */;
			buildPhases = (
				BAFAFCD4EEA144D3724BC9B6 /* [CP] Check Pods Manifest.lock */,
				9F7088822221D19B00E5205F /* Sources */,
				9F7088832221D19B00E5205F /* Frameworks */,
				9F7088842221D19B00E5205F /* Resources */,
			);
			buildRules = (
			);
			dependencies = (
				9F7088882221D19B00E5205F /* PBXTargetDependency */,
			);
			name = BeersAppTests;
			productName = BeersAppTests;
			productReference = 9F7088862221D19B00E5205F /* BeersAppTests.xctest */;
			productType = "com.apple.product-type.bundle.unit-test";
		};
		9F7088902221D19B00E5205F /* BeersAppUITests */ = {
			isa = PBXNativeTarget;
			buildConfigurationList = 9F7088A02221D19B00E5205F /* Build configuration list for PBXNativeTarget "BeersAppUITests" */;
			buildPhases = (
				5623CB69B17D90A9381E40BE /* [CP] Check Pods Manifest.lock */,
				9F70888D2221D19B00E5205F /* Sources */,
				9F70888E2221D19B00E5205F /* Frameworks */,
				9F70888F2221D19B00E5205F /* Resources */,
			);
			buildRules = (
			);
			dependencies = (
				9F7088932221D19B00E5205F /* PBXTargetDependency */,
			);
			name = BeersAppUITests;
			productName = BeersAppUITests;
			productReference = 9F7088912221D19B00E5205F /* BeersAppUITests.xctest */;
			productType = "com.apple.product-type.bundle.ui-testing";
		};
/* End PBXNativeTarget section */

/* Begin PBXProject section */
		9F70886A2221D19A00E5205F /* Project object */ = {
			isa = PBXProject;
			attributes = {
				LastSwiftUpdateCheck = 1020;
				LastUpgradeCheck = 1020;
				ORGANIZATIONNAME = Marijan;
				TargetAttributes = {
					9F7088712221D19A00E5205F = {
						CreatedOnToolsVersion = 10.2;
					};
					9F7088852221D19B00E5205F = {
						CreatedOnToolsVersion = 10.2;
						TestTargetID = 9F7088712221D19A00E5205F;
					};
					9F7088902221D19B00E5205F = {
						CreatedOnToolsVersion = 10.2;
						TestTargetID = 9F7088712221D19A00E5205F;
					};
				};
			};
			buildConfigurationList = 9F70886D2221D19A00E5205F /* Build configuration list for PBXProject "BeersApp" */;
			compatibilityVersion = "Xcode 9.3";
			developmentRegion = en;
			hasScannedForEncodings = 0;
			knownRegions = (
				en,
				Base,
				hr,
			);
			mainGroup = 9F7088692221D19A00E5205F;
			productRefGroup = 9F7088732221D19A00E5205F /* Products */;
			projectDirPath = "";
			projectRoot = "";
			targets = (
				9F7088712221D19A00E5205F /* BeersApp */,
				9F7088852221D19B00E5205F /* BeersAppTests */,
				9F7088902221D19B00E5205F /* BeersAppUITests */,
			);
		};
/* End PBXProject section */

/* Begin PBXResourcesBuildPhase section */
		9F7088702221D19A00E5205F /* Resources */ = {
			isa = PBXResourcesBuildPhase;
			buildActionMask = 2147483647;
			files = (
				9F7088802221D19B00E5205F /* LaunchScreen.storyboard in Resources */,
				9F9FEFA72223E2CB00E5EF49 /* SavedBeersVC.xib in Resources */,
				9F70887D2221D19B00E5205F /* Assets.xcassets in Resources */,
				9FFEC6E9222698040071062D /* BreweriesSearchVC.xib in Resources */,
				9F9FEFAB2223E36200E5EF49 /* MenuVC.xib in Resources */,
				9FFEC6D6222673670071062D /* Localizable.strings in Resources */,
				9F89DE1F22220CD50031989B /* BeerSearchVC.xib in Resources */,
				9F8D83BE222968AB00DDAFAA /* BreweryCell.xib in Resources */,
				9F9FEFB02223E3EB00E5EF49 /* MenuItemCell.xib in Resources */,
				9F6B6E1A22230F9F002FE015 /* BeerCell.xib in Resources */,
				9FBFBEA2222FF4310092E8DE /* NearbyLocationsVC.xib in Resources */,
				9F73C76F222D1F3500CB34AF /* AddBeerVC.xib in Resources */,
				9F9FEFB922240F3300E5EF49 /* BeerDetailsVC.xib in Resources */,
			);
			runOnlyForDeploymentPostprocessing = 0;
		};
		9F7088842221D19B00E5205F /* Resources */ = {
			isa = PBXResourcesBuildPhase;
			buildActionMask = 2147483647;
			files = (
			);
			runOnlyForDeploymentPostprocessing = 0;
		};
		9F70888F2221D19B00E5205F /* Resources */ = {
			isa = PBXResourcesBuildPhase;
			buildActionMask = 2147483647;
			files = (
			);
			runOnlyForDeploymentPostprocessing = 0;
		};
/* End PBXResourcesBuildPhase section */

/* Begin PBXShellScriptBuildPhase section */
		421CD4D453C66ED391B5C104 /* [CP] Embed Pods Frameworks */ = {
			isa = PBXShellScriptBuildPhase;
			buildActionMask = 2147483647;
			files = (
			);
			inputFileListPaths = (
			);
			inputPaths = (
				"${PODS_ROOT}/Target Support Files/Pods-BeersApp/Pods-BeersApp-frameworks.sh",
				"${BUILT_PRODUCTS_DIR}/Alamofire/Alamofire.framework",
				"${BUILT_PRODUCTS_DIR}/AlamofireNetworkActivityLogger/AlamofireNetworkActivityLogger.framework",
				"${BUILT_PRODUCTS_DIR}/Differentiator/Differentiator.framework",
				"${BUILT_PRODUCTS_DIR}/Loaf/Loaf.framework",
				"${BUILT_PRODUCTS_DIR}/MBProgressHUD/MBProgressHUD.framework",
				"${BUILT_PRODUCTS_DIR}/Moya/Moya.framework",
				"${BUILT_PRODUCTS_DIR}/Realm/Realm.framework",
				"${BUILT_PRODUCTS_DIR}/RealmSwift/RealmSwift.framework",
				"${BUILT_PRODUCTS_DIR}/Result/Result.framework",
				"${BUILT_PRODUCTS_DIR}/RxCocoa/RxCocoa.framework",
				"${BUILT_PRODUCTS_DIR}/RxDataSources/RxDataSources.framework",
				"${BUILT_PRODUCTS_DIR}/RxRealm/RxRealm.framework",
				"${BUILT_PRODUCTS_DIR}/RxSwift/RxSwift.framework",
				"${BUILT_PRODUCTS_DIR}/SDWebImage/SDWebImage.framework",
				"${BUILT_PRODUCTS_DIR}/SWRevealViewController/SWRevealViewController.framework",
				"${BUILT_PRODUCTS_DIR}/Swinject/Swinject.framework",
				"${BUILT_PRODUCTS_DIR}/TPKeyboardAvoiding/TPKeyboardAvoiding.framework",
			);
			name = "[CP] Embed Pods Frameworks";
			outputFileListPaths = (
			);
			outputPaths = (
				"${TARGET_BUILD_DIR}/${FRAMEWORKS_FOLDER_PATH}/Alamofire.framework",
				"${TARGET_BUILD_DIR}/${FRAMEWORKS_FOLDER_PATH}/AlamofireNetworkActivityLogger.framework",
				"${TARGET_BUILD_DIR}/${FRAMEWORKS_FOLDER_PATH}/Differentiator.framework",
				"${TARGET_BUILD_DIR}/${FRAMEWORKS_FOLDER_PATH}/Loaf.framework",
				"${TARGET_BUILD_DIR}/${FRAMEWORKS_FOLDER_PATH}/MBProgressHUD.framework",
				"${TARGET_BUILD_DIR}/${FRAMEWORKS_FOLDER_PATH}/Moya.framework",
				"${TARGET_BUILD_DIR}/${FRAMEWORKS_FOLDER_PATH}/Realm.framework",
				"${TARGET_BUILD_DIR}/${FRAMEWORKS_FOLDER_PATH}/RealmSwift.framework",
				"${TARGET_BUILD_DIR}/${FRAMEWORKS_FOLDER_PATH}/Result.framework",
				"${TARGET_BUILD_DIR}/${FRAMEWORKS_FOLDER_PATH}/RxCocoa.framework",
				"${TARGET_BUILD_DIR}/${FRAMEWORKS_FOLDER_PATH}/RxDataSources.framework",
				"${TARGET_BUILD_DIR}/${FRAMEWORKS_FOLDER_PATH}/RxRealm.framework",
				"${TARGET_BUILD_DIR}/${FRAMEWORKS_FOLDER_PATH}/RxSwift.framework",
				"${TARGET_BUILD_DIR}/${FRAMEWORKS_FOLDER_PATH}/SDWebImage.framework",
				"${TARGET_BUILD_DIR}/${FRAMEWORKS_FOLDER_PATH}/SWRevealViewController.framework",
				"${TARGET_BUILD_DIR}/${FRAMEWORKS_FOLDER_PATH}/Swinject.framework",
				"${TARGET_BUILD_DIR}/${FRAMEWORKS_FOLDER_PATH}/TPKeyboardAvoiding.framework",
			);
			runOnlyForDeploymentPostprocessing = 0;
			shellPath = /bin/sh;
			shellScript = "\"${PODS_ROOT}/Target Support Files/Pods-BeersApp/Pods-BeersApp-frameworks.sh\"\n";
			showEnvVarsInLog = 0;
		};
		5623CB69B17D90A9381E40BE /* [CP] Check Pods Manifest.lock */ = {
			isa = PBXShellScriptBuildPhase;
			buildActionMask = 2147483647;
			files = (
			);
			inputFileListPaths = (
			);
			inputPaths = (
				"${PODS_PODFILE_DIR_PATH}/Podfile.lock",
				"${PODS_ROOT}/Manifest.lock",
			);
			name = "[CP] Check Pods Manifest.lock";
			outputFileListPaths = (
			);
			outputPaths = (
				"$(DERIVED_FILE_DIR)/Pods-BeersAppUITests-checkManifestLockResult.txt",
			);
			runOnlyForDeploymentPostprocessing = 0;
			shellPath = /bin/sh;
			shellScript = "diff \"${PODS_PODFILE_DIR_PATH}/Podfile.lock\" \"${PODS_ROOT}/Manifest.lock\" > /dev/null\nif [ $? != 0 ] ; then\n    # print error to STDERR\n    echo \"error: The sandbox is not in sync with the Podfile.lock. Run 'pod install' or update your CocoaPods installation.\" >&2\n    exit 1\nfi\n# This output is used by Xcode 'outputs' to avoid re-running this script phase.\necho \"SUCCESS\" > \"${SCRIPT_OUTPUT_FILE_0}\"\n";
			showEnvVarsInLog = 0;
		};
		BAFAFCD4EEA144D3724BC9B6 /* [CP] Check Pods Manifest.lock */ = {
			isa = PBXShellScriptBuildPhase;
			buildActionMask = 2147483647;
			files = (
			);
			inputFileListPaths = (
			);
			inputPaths = (
				"${PODS_PODFILE_DIR_PATH}/Podfile.lock",
				"${PODS_ROOT}/Manifest.lock",
			);
			name = "[CP] Check Pods Manifest.lock";
			outputFileListPaths = (
			);
			outputPaths = (
				"$(DERIVED_FILE_DIR)/Pods-BeersAppTests-checkManifestLockResult.txt",
			);
			runOnlyForDeploymentPostprocessing = 0;
			shellPath = /bin/sh;
			shellScript = "diff \"${PODS_PODFILE_DIR_PATH}/Podfile.lock\" \"${PODS_ROOT}/Manifest.lock\" > /dev/null\nif [ $? != 0 ] ; then\n    # print error to STDERR\n    echo \"error: The sandbox is not in sync with the Podfile.lock. Run 'pod install' or update your CocoaPods installation.\" >&2\n    exit 1\nfi\n# This output is used by Xcode 'outputs' to avoid re-running this script phase.\necho \"SUCCESS\" > \"${SCRIPT_OUTPUT_FILE_0}\"\n";
			showEnvVarsInLog = 0;
		};
		EBA63321636B60C283305542 /* [CP] Check Pods Manifest.lock */ = {
			isa = PBXShellScriptBuildPhase;
			buildActionMask = 2147483647;
			files = (
			);
			inputFileListPaths = (
			);
			inputPaths = (
				"${PODS_PODFILE_DIR_PATH}/Podfile.lock",
				"${PODS_ROOT}/Manifest.lock",
			);
			name = "[CP] Check Pods Manifest.lock";
			outputFileListPaths = (
			);
			outputPaths = (
				"$(DERIVED_FILE_DIR)/Pods-BeersApp-checkManifestLockResult.txt",
			);
			runOnlyForDeploymentPostprocessing = 0;
			shellPath = /bin/sh;
			shellScript = "diff \"${PODS_PODFILE_DIR_PATH}/Podfile.lock\" \"${PODS_ROOT}/Manifest.lock\" > /dev/null\nif [ $? != 0 ] ; then\n    # print error to STDERR\n    echo \"error: The sandbox is not in sync with the Podfile.lock. Run 'pod install' or update your CocoaPods installation.\" >&2\n    exit 1\nfi\n# This output is used by Xcode 'outputs' to avoid re-running this script phase.\necho \"SUCCESS\" > \"${SCRIPT_OUTPUT_FILE_0}\"\n";
			showEnvVarsInLog = 0;
		};
/* End PBXShellScriptBuildPhase section */

/* Begin PBXSourcesBuildPhase section */
		9F70886E2221D19A00E5205F /* Sources */ = {
			isa = PBXSourcesBuildPhase;
			buildActionMask = 2147483647;
			files = (
				9F8D83C2222973C800DDAFAA /* CollectionViewExtensions.swift in Sources */,
				9FBFBEA1222FF4310092E8DE /* NearbyLocationsVC.swift in Sources */,
				9F9FEF9F2223DFED00E5EF49 /* SWRevealVC.swift in Sources */,
				9F80BB582222CDBC0094333F /* BeerRepository.swift in Sources */,
				9F89DE0C2221F07A0031989B /* RMBeer.swift in Sources */,
				9FBFBEAA2230069B0092E8DE /* LocationStorage.swift in Sources */,
				9F7088BE2221D68700E5205F /* BaseViewController.swift in Sources */,
				9FBFBEA8223006880092E8DE /* LocationService.swift in Sources */,
				9FBFBEA62230063A0092E8DE /* LocationRepository.swift in Sources */,
				9F7088CB2221D6E400E5205F /* Colors.swift in Sources */,
				9F9FEFAA2223E36200E5EF49 /* MenuVC.swift in Sources */,
				9F73C771222D21AB00CB34AF /* CellExpandDelegate.swift in Sources */,
				9F9FEFB42223F5DA00E5EF49 /* SavedBeersVM.swift in Sources */,
				9F89DE162221F6320031989B /* RMBeerStyle.swift in Sources */,
				9F80BB472222C4640094333F /* ActivityIndicator.swift in Sources */,
				9F7088B32221D66D00E5205F /* StringExtensions.swift in Sources */,
				9F89DE122221F2AA0031989B /* BeerCategory.swift in Sources */,
				9F89DE1A2221FB610031989B /* RealmExtensions.swift in Sources */,
				9FFEC6E1222697880071062D /* Brewery.swift in Sources */,
				9F73C778222D651300CB34AF /* PersonalBeer.swift in Sources */,
				9F89DE182221F6440031989B /* RMBeerCategory.swift in Sources */,
				9F9FEFA62223E2CB00E5EF49 /* SavedBeersVC.swift in Sources */,
				9F7088DF2221DB2800E5205F /* Screen.swift in Sources */,
				9F9FEFB822240F3300E5EF49 /* BeerDetailsVC.swift in Sources */,
				9F7088A52221D60E00E5205F /* Network.swift in Sources */,
				9FFEC6E8222698040071062D /* BreweriesSearchVC.swift in Sources */,
				9F9FEFA22223E0EA00E5EF49 /* Menu.swift in Sources */,
				9F7088EA2221DEE100E5205F /* ViewModelType.swift in Sources */,
				9F9FEFAF2223E3EB00E5EF49 /* MenuItemCell.swift in Sources */,
				9F7088AC2221D64B00E5205F /* ReusableCell.swift in Sources */,
				9FA4D3B52231580400C5362E /* BeerGameScene.swift in Sources */,
				9F21A34B2225BEB50080A537 /* UIResult.swift in Sources */,
				9F8D83BA222939E300DDAFAA /* BreweriesResponse.swift in Sources */,
				9FFEC6E5222697BB0071062D /* BreweryService.swift in Sources */,
				9F6B6E1922230F9F002FE015 /* BeerCell.swift in Sources */,
				9FA4D3B1223157DD00C5362E /* GameVC.swift in Sources */,
				9F21A34F2225CDB80080A537 /* BeerLabel.swift in Sources */,
				9F85BFED22329A500020A7C4 /* GameStartOrOverScene.swift in Sources */,
				9F7088E22221DBE300E5205F /* DatabaseManager.swift in Sources */,
				9F89DE142221F5890031989B /* DomainData.swift in Sources */,
				9F7088D02221D6E400E5205F /* Constants.swift in Sources */,
				9F7088B42221D66D00E5205F /* RxExtensions.swift in Sources */,
				9FBFBEA4222FF62C0092E8DE /* NearbyLocationsVM.swift in Sources */,
				9F80BB482222C4640094333F /* ErrorTracker.swift in Sources */,
				9F8D83BD222968AB00DDAFAA /* BreweryCell.swift in Sources */,
				9F9FEFB22223F47000E5EF49 /* MenuChildViewController.swift in Sources */,
				9F7088762221D19A00E5205F /* AppDelegate.swift in Sources */,
				9F73C774222D32E900CB34AF /* AppButton.swift in Sources */,
				9F7088CC2221D6E400E5205F /* UserDefaultsHelper.swift in Sources */,
				9FFEC6EF2226B16E0071062D /* BreweryImages.swift in Sources */,
				9FFEC6E32226979E0071062D /* BreweryStorage.swift in Sources */,
				9F7088C12221D68700E5205F /* BaseService.swift in Sources */,
				9FFEC6DC222693C70071062D /* BreweryRepository.swift in Sources */,
				9F80BB562222CB7B0094333F /* BeerService.swift in Sources */,
				9F6B6E1622230547002FE015 /* BeersResponse.swift in Sources */,
				9F80BB4D2222C8C60094333F /* BeerSearchVM.swift in Sources */,
				9F7088AA2221D64B00E5205F /* Persistable.swift in Sources */,
				9FA566F322255BEE009CA0D1 /* SwipeEvent.swift in Sources */,
				9F73C76B222D1E4900CB34AF /* AddBeerVM.swift in Sources */,
				9F89DE1E22220CD50031989B /* BeerSearchVC.swift in Sources */,
				9FBFBEAE223007840092E8DE /* Location.swift in Sources */,
				9F21A34D2225CD420080A537 /* RMBeerLabel.swift in Sources */,
				9FFEC6ED2226B1020071062D /* RMBreweryImages.swift in Sources */,
				9FFEC6EB222698110071062D /* BreweriesSearchVM.swift in Sources */,
				9F7088A62221D60E00E5205F /* ApiEndpoint.swift in Sources */,
				9F7088E62221DC9800E5205F /* ViewModelContainter.swift in Sources */,
				9F80BB532222CB400094333F /* BeerStorage.swift in Sources */,
				9F89DE0E2221F08E0031989B /* Beer.swift in Sources */,
				9F7088C02221D68700E5205F /* BaseStorage.swift in Sources */,
				9F73C776222D503A00CB34AF /* ValidatableTextField.swift in Sources */,
				9FBFBEB0223007980092E8DE /* RMLocation.swift in Sources */,
				9F7088B62221D66D00E5205F /* TableViewExtensions.swift in Sources */,
				9F7088CF2221D6E400E5205F /* Validation.swift in Sources */,
				9F89DE102221F25B0031989B /* BeerStyle.swift in Sources */,
				9FFEC6DF2226976C0071062D /* RMBrewery.swift in Sources */,
				9F7088E42221DC2700E5205F /* SingletonContainer.swift in Sources */,
				9FBFBEAC223007630092E8DE /* LocationsResponse.swift in Sources */,
				9F73C76E222D1F3500CB34AF /* AddBeerVC.swift in Sources */,
				9F7088CE2221D6E400E5205F /* DialogHelper.swift in Sources */,
				9F7088CD2221D6E400E5205F /* Config.swift in Sources */,
				9F8D83C02229737500DDAFAA /* ReusableCollectionCell.swift in Sources */,
				9F7088E82221DD1000E5205F /* ViewControllerContainer.swift in Sources */,
				9F7088B22221D66D00E5205F /* ViewControllerExtensions.swift in Sources */,
			);
			runOnlyForDeploymentPostprocessing = 0;
		};
		9F7088822221D19B00E5205F /* Sources */ = {
			isa = PBXSourcesBuildPhase;
			buildActionMask = 2147483647;
			files = (
				9F70888B2221D19B00E5205F /* BeersAppTests.swift in Sources */,
			);
			runOnlyForDeploymentPostprocessing = 0;
		};
		9F70888D2221D19B00E5205F /* Sources */ = {
			isa = PBXSourcesBuildPhase;
			buildActionMask = 2147483647;
			files = (
				9F7088962221D19B00E5205F /* BeersAppUITests.swift in Sources */,
			);
			runOnlyForDeploymentPostprocessing = 0;
		};
/* End PBXSourcesBuildPhase section */

/* Begin PBXTargetDependency section */
		9F7088882221D19B00E5205F /* PBXTargetDependency */ = {
			isa = PBXTargetDependency;
			target = 9F7088712221D19A00E5205F /* BeersApp */;
			targetProxy = 9F7088872221D19B00E5205F /* PBXContainerItemProxy */;
		};
		9F7088932221D19B00E5205F /* PBXTargetDependency */ = {
			isa = PBXTargetDependency;
			target = 9F7088712221D19A00E5205F /* BeersApp */;
			targetProxy = 9F7088922221D19B00E5205F /* PBXContainerItemProxy */;
		};
/* End PBXTargetDependency section */

/* Begin PBXVariantGroup section */
		9F70887E2221D19B00E5205F /* LaunchScreen.storyboard */ = {
			isa = PBXVariantGroup;
			children = (
				9F70887F2221D19B00E5205F /* Base */,
				9FFEC6D9222674000071062D /* hr */,
			);
			name = LaunchScreen.storyboard;
			sourceTree = "<group>";
		};
		9FFEC6D8222673670071062D /* Localizable.strings */ = {
			isa = PBXVariantGroup;
			children = (
				9FFEC6D7222673670071062D /* en */,
				9FFEC6DA222674010071062D /* hr */,
			);
			name = Localizable.strings;
			sourceTree = "<group>";
		};
/* End PBXVariantGroup section */

/* Begin XCBuildConfiguration section */
		9F7088982221D19B00E5205F /* Debug */ = {
			isa = XCBuildConfiguration;
			buildSettings = {
				ALWAYS_SEARCH_USER_PATHS = NO;
				CLANG_ANALYZER_LOCALIZABILITY_NONLOCALIZED = YES;
				CLANG_ANALYZER_NONNULL = YES;
				CLANG_ANALYZER_NUMBER_OBJECT_CONVERSION = YES_AGGRESSIVE;
				CLANG_CXX_LANGUAGE_STANDARD = "gnu++14";
				CLANG_CXX_LIBRARY = "libc++";
				CLANG_ENABLE_MODULES = YES;
				CLANG_ENABLE_OBJC_ARC = YES;
				CLANG_ENABLE_OBJC_WEAK = YES;
				CLANG_WARN_BLOCK_CAPTURE_AUTORELEASING = YES;
				CLANG_WARN_BOOL_CONVERSION = YES;
				CLANG_WARN_COMMA = YES;
				CLANG_WARN_CONSTANT_CONVERSION = YES;
				CLANG_WARN_DEPRECATED_OBJC_IMPLEMENTATIONS = YES;
				CLANG_WARN_DIRECT_OBJC_ISA_USAGE = YES_ERROR;
				CLANG_WARN_DOCUMENTATION_COMMENTS = YES;
				CLANG_WARN_EMPTY_BODY = YES;
				CLANG_WARN_ENUM_CONVERSION = YES;
				CLANG_WARN_INFINITE_RECURSION = YES;
				CLANG_WARN_INT_CONVERSION = YES;
				CLANG_WARN_NON_LITERAL_NULL_CONVERSION = YES;
				CLANG_WARN_OBJC_IMPLICIT_RETAIN_SELF = YES;
				CLANG_WARN_OBJC_LITERAL_CONVERSION = YES;
				CLANG_WARN_OBJC_ROOT_CLASS = YES_ERROR;
				CLANG_WARN_RANGE_LOOP_ANALYSIS = YES;
				CLANG_WARN_STRICT_PROTOTYPES = YES;
				CLANG_WARN_SUSPICIOUS_MOVE = YES;
				CLANG_WARN_UNGUARDED_AVAILABILITY = YES_AGGRESSIVE;
				CLANG_WARN_UNREACHABLE_CODE = YES;
				CLANG_WARN__DUPLICATE_METHOD_MATCH = YES;
				CODE_SIGN_IDENTITY = "iPhone Developer";
				COPY_PHASE_STRIP = NO;
				DEBUG_INFORMATION_FORMAT = dwarf;
				ENABLE_STRICT_OBJC_MSGSEND = YES;
				ENABLE_TESTABILITY = YES;
				GCC_C_LANGUAGE_STANDARD = gnu11;
				GCC_DYNAMIC_NO_PIC = NO;
				GCC_NO_COMMON_BLOCKS = YES;
				GCC_OPTIMIZATION_LEVEL = 0;
				GCC_PREPROCESSOR_DEFINITIONS = (
					"DEBUG=1",
					"$(inherited)",
				);
				GCC_WARN_64_TO_32_BIT_CONVERSION = YES;
				GCC_WARN_ABOUT_RETURN_TYPE = YES_ERROR;
				GCC_WARN_UNDECLARED_SELECTOR = YES;
				GCC_WARN_UNINITIALIZED_AUTOS = YES_AGGRESSIVE;
				GCC_WARN_UNUSED_FUNCTION = YES;
				GCC_WARN_UNUSED_VARIABLE = YES;
				IPHONEOS_DEPLOYMENT_TARGET = 12.1;
				MTL_ENABLE_DEBUG_INFO = INCLUDE_SOURCE;
				MTL_FAST_MATH = YES;
				ONLY_ACTIVE_ARCH = YES;
				SDKROOT = iphoneos;
				SWIFT_ACTIVE_COMPILATION_CONDITIONS = DEBUG;
				SWIFT_OPTIMIZATION_LEVEL = "-Onone";
				SWIFT_VERSION = 4.2;
			};
			name = Debug;
		};
		9F7088992221D19B00E5205F /* Release */ = {
			isa = XCBuildConfiguration;
			buildSettings = {
				ALWAYS_SEARCH_USER_PATHS = NO;
				CLANG_ANALYZER_LOCALIZABILITY_NONLOCALIZED = YES;
				CLANG_ANALYZER_NONNULL = YES;
				CLANG_ANALYZER_NUMBER_OBJECT_CONVERSION = YES_AGGRESSIVE;
				CLANG_CXX_LANGUAGE_STANDARD = "gnu++14";
				CLANG_CXX_LIBRARY = "libc++";
				CLANG_ENABLE_MODULES = YES;
				CLANG_ENABLE_OBJC_ARC = YES;
				CLANG_ENABLE_OBJC_WEAK = YES;
				CLANG_WARN_BLOCK_CAPTURE_AUTORELEASING = YES;
				CLANG_WARN_BOOL_CONVERSION = YES;
				CLANG_WARN_COMMA = YES;
				CLANG_WARN_CONSTANT_CONVERSION = YES;
				CLANG_WARN_DEPRECATED_OBJC_IMPLEMENTATIONS = YES;
				CLANG_WARN_DIRECT_OBJC_ISA_USAGE = YES_ERROR;
				CLANG_WARN_DOCUMENTATION_COMMENTS = YES;
				CLANG_WARN_EMPTY_BODY = YES;
				CLANG_WARN_ENUM_CONVERSION = YES;
				CLANG_WARN_INFINITE_RECURSION = YES;
				CLANG_WARN_INT_CONVERSION = YES;
				CLANG_WARN_NON_LITERAL_NULL_CONVERSION = YES;
				CLANG_WARN_OBJC_IMPLICIT_RETAIN_SELF = YES;
				CLANG_WARN_OBJC_LITERAL_CONVERSION = YES;
				CLANG_WARN_OBJC_ROOT_CLASS = YES_ERROR;
				CLANG_WARN_RANGE_LOOP_ANALYSIS = YES;
				CLANG_WARN_STRICT_PROTOTYPES = YES;
				CLANG_WARN_SUSPICIOUS_MOVE = YES;
				CLANG_WARN_UNGUARDED_AVAILABILITY = YES_AGGRESSIVE;
				CLANG_WARN_UNREACHABLE_CODE = YES;
				CLANG_WARN__DUPLICATE_METHOD_MATCH = YES;
				CODE_SIGN_IDENTITY = "iPhone Developer";
				COPY_PHASE_STRIP = NO;
				DEBUG_INFORMATION_FORMAT = "dwarf-with-dsym";
				ENABLE_NS_ASSERTIONS = NO;
				ENABLE_STRICT_OBJC_MSGSEND = YES;
				GCC_C_LANGUAGE_STANDARD = gnu11;
				GCC_NO_COMMON_BLOCKS = YES;
				GCC_WARN_64_TO_32_BIT_CONVERSION = YES;
				GCC_WARN_ABOUT_RETURN_TYPE = YES_ERROR;
				GCC_WARN_UNDECLARED_SELECTOR = YES;
				GCC_WARN_UNINITIALIZED_AUTOS = YES_AGGRESSIVE;
				GCC_WARN_UNUSED_FUNCTION = YES;
				GCC_WARN_UNUSED_VARIABLE = YES;
				IPHONEOS_DEPLOYMENT_TARGET = 12.1;
				MTL_ENABLE_DEBUG_INFO = NO;
				MTL_FAST_MATH = YES;
				SDKROOT = iphoneos;
				SWIFT_COMPILATION_MODE = wholemodule;
				SWIFT_OPTIMIZATION_LEVEL = "-O";
				SWIFT_VERSION = 4.2;
				VALIDATE_PRODUCT = YES;
			};
			name = Release;
		};
		9F70889B2221D19B00E5205F /* Debug */ = {
			isa = XCBuildConfiguration;
			baseConfigurationReference = EFF9EE073EA5933F8F843C4B /* Pods-BeersApp.debug.xcconfig */;
			buildSettings = {
				ASSETCATALOG_COMPILER_APPICON_NAME = AppIcon;
				CODE_SIGN_STYLE = Automatic;
				DEVELOPMENT_TEAM = 6V3WLL6SMV;
				INFOPLIST_FILE = BeersApp/Info.plist;
				IPHONEOS_DEPLOYMENT_TARGET = 12.1;
				LD_RUNPATH_SEARCH_PATHS = (
					"$(inherited)",
					"@executable_path/Frameworks",
				);
				PRODUCT_BUNDLE_IDENTIFIER = "Novak-Co.BeersApp";
				PRODUCT_NAME = "$(TARGET_NAME)";
				SWIFT_VERSION = 4.2;
				TARGETED_DEVICE_FAMILY = "1,2";
			};
			name = Debug;
		};
		9F70889C2221D19B00E5205F /* Release */ = {
			isa = XCBuildConfiguration;
			baseConfigurationReference = 0FFD2EF53D36DFB6AEA0BDC1 /* Pods-BeersApp.release.xcconfig */;
			buildSettings = {
				ASSETCATALOG_COMPILER_APPICON_NAME = AppIcon;
				CODE_SIGN_STYLE = Automatic;
				DEVELOPMENT_TEAM = 6V3WLL6SMV;
				INFOPLIST_FILE = BeersApp/Info.plist;
				IPHONEOS_DEPLOYMENT_TARGET = 12.1;
				LD_RUNPATH_SEARCH_PATHS = (
					"$(inherited)",
					"@executable_path/Frameworks",
				);
				PRODUCT_BUNDLE_IDENTIFIER = "Novak-Co.BeersApp";
				PRODUCT_NAME = "$(TARGET_NAME)";
				SWIFT_VERSION = 4.2;
				TARGETED_DEVICE_FAMILY = "1,2";
			};
			name = Release;
		};
		9F70889E2221D19B00E5205F /* Debug */ = {
			isa = XCBuildConfiguration;
			baseConfigurationReference = 434B86DDFD5DBEC222217D81 /* Pods-BeersAppTests.debug.xcconfig */;
			buildSettings = {
				ALWAYS_EMBED_SWIFT_STANDARD_LIBRARIES = YES;
				BUNDLE_LOADER = "$(TEST_HOST)";
				CODE_SIGN_STYLE = Automatic;
				DEVELOPMENT_TEAM = 6V3WLL6SMV;
				INFOPLIST_FILE = BeersAppTests/Info.plist;
				IPHONEOS_DEPLOYMENT_TARGET = 12.1;
				LD_RUNPATH_SEARCH_PATHS = (
					"$(inherited)",
					"@executable_path/Frameworks",
					"@loader_path/Frameworks",
				);
				PRODUCT_BUNDLE_IDENTIFIER = "Novak-Co.BeersAppTests";
				PRODUCT_NAME = "$(TARGET_NAME)";
				SWIFT_VERSION = 4.2;
				TARGETED_DEVICE_FAMILY = "1,2";
				TEST_HOST = "$(BUILT_PRODUCTS_DIR)/BeersApp.app/BeersApp";
			};
			name = Debug;
		};
		9F70889F2221D19B00E5205F /* Release */ = {
			isa = XCBuildConfiguration;
			baseConfigurationReference = 470A7D34926A6E4EB5951179 /* Pods-BeersAppTests.release.xcconfig */;
			buildSettings = {
				ALWAYS_EMBED_SWIFT_STANDARD_LIBRARIES = YES;
				BUNDLE_LOADER = "$(TEST_HOST)";
				CODE_SIGN_STYLE = Automatic;
				DEVELOPMENT_TEAM = 6V3WLL6SMV;
				INFOPLIST_FILE = BeersAppTests/Info.plist;
				IPHONEOS_DEPLOYMENT_TARGET = 12.1;
				LD_RUNPATH_SEARCH_PATHS = (
					"$(inherited)",
					"@executable_path/Frameworks",
					"@loader_path/Frameworks",
				);
				PRODUCT_BUNDLE_IDENTIFIER = "Novak-Co.BeersAppTests";
				PRODUCT_NAME = "$(TARGET_NAME)";
				SWIFT_VERSION = 4.2;
				TARGETED_DEVICE_FAMILY = "1,2";
				TEST_HOST = "$(BUILT_PRODUCTS_DIR)/BeersApp.app/BeersApp";
			};
			name = Release;
		};
		9F7088A12221D19B00E5205F /* Debug */ = {
			isa = XCBuildConfiguration;
			baseConfigurationReference = C8FA71DF8D2A8F949F3ED724 /* Pods-BeersAppUITests.debug.xcconfig */;
			buildSettings = {
				ALWAYS_EMBED_SWIFT_STANDARD_LIBRARIES = YES;
				CODE_SIGN_STYLE = Automatic;
				DEVELOPMENT_TEAM = 6V3WLL6SMV;
				INFOPLIST_FILE = BeersAppUITests/Info.plist;
				IPHONEOS_DEPLOYMENT_TARGET = 12.1;
				LD_RUNPATH_SEARCH_PATHS = (
					"$(inherited)",
					"@executable_path/Frameworks",
					"@loader_path/Frameworks",
				);
				PRODUCT_BUNDLE_IDENTIFIER = "Novak-Co.BeersAppUITests";
				PRODUCT_NAME = "$(TARGET_NAME)";
				SWIFT_VERSION = 4.2;
				TARGETED_DEVICE_FAMILY = "1,2";
				TEST_TARGET_NAME = BeersApp;
			};
			name = Debug;
		};
		9F7088A22221D19B00E5205F /* Release */ = {
			isa = XCBuildConfiguration;
			baseConfigurationReference = 243822C865F30D4313600168 /* Pods-BeersAppUITests.release.xcconfig */;
			buildSettings = {
				ALWAYS_EMBED_SWIFT_STANDARD_LIBRARIES = YES;
				CODE_SIGN_STYLE = Automatic;
				DEVELOPMENT_TEAM = 6V3WLL6SMV;
				INFOPLIST_FILE = BeersAppUITests/Info.plist;
				IPHONEOS_DEPLOYMENT_TARGET = 12.1;
				LD_RUNPATH_SEARCH_PATHS = (
					"$(inherited)",
					"@executable_path/Frameworks",
					"@loader_path/Frameworks",
				);
				PRODUCT_BUNDLE_IDENTIFIER = "Novak-Co.BeersAppUITests";
				PRODUCT_NAME = "$(TARGET_NAME)";
				SWIFT_VERSION = 4.2;
				TARGETED_DEVICE_FAMILY = "1,2";
				TEST_TARGET_NAME = BeersApp;
			};
			name = Release;
		};
/* End XCBuildConfiguration section */

/* Begin XCConfigurationList section */
		9F70886D2221D19A00E5205F /* Build configuration list for PBXProject "BeersApp" */ = {
			isa = XCConfigurationList;
			buildConfigurations = (
				9F7088982221D19B00E5205F /* Debug */,
				9F7088992221D19B00E5205F /* Release */,
			);
			defaultConfigurationIsVisible = 0;
			defaultConfigurationName = Release;
		};
		9F70889A2221D19B00E5205F /* Build configuration list for PBXNativeTarget "BeersApp" */ = {
			isa = XCConfigurationList;
			buildConfigurations = (
				9F70889B2221D19B00E5205F /* Debug */,
				9F70889C2221D19B00E5205F /* Release */,
			);
			defaultConfigurationIsVisible = 0;
			defaultConfigurationName = Release;
		};
		9F70889D2221D19B00E5205F /* Build configuration list for PBXNativeTarget "BeersAppTests" */ = {
			isa = XCConfigurationList;
			buildConfigurations = (
				9F70889E2221D19B00E5205F /* Debug */,
				9F70889F2221D19B00E5205F /* Release */,
			);
			defaultConfigurationIsVisible = 0;
			defaultConfigurationName = Release;
		};
		9F7088A02221D19B00E5205F /* Build configuration list for PBXNativeTarget "BeersAppUITests" */ = {
			isa = XCConfigurationList;
			buildConfigurations = (
				9F7088A12221D19B00E5205F /* Debug */,
				9F7088A22221D19B00E5205F /* Release */,
			);
			defaultConfigurationIsVisible = 0;
			defaultConfigurationName = Release;
		};
/* End XCConfigurationList section */
	};
	rootObject = 9F70886A2221D19A00E5205F /* Project object */;
}
