// !$*UTF8*$!
{
	archiveVersion = 1;
	classes = {
	};
	objectVersion = 50;
	objects = {

/* Begin PBXBuildFile section */
		9F7088762221D19A00E5205F /* AppDelegate.swift in Sources */ = {isa = PBXBuildFile; fileRef = 9F7088752221D19A00E5205F /* AppDelegate.swift */; };
		9F70887D2221D19B00E5205F /* Assets.xcassets in Resources */ = {isa = PBXBuildFile; fileRef = 9F70887C2221D19B00E5205F /* Assets.xcassets */; };
		9F7088802221D19B00E5205F /* LaunchScreen.storyboard in Resources */ = {isa = PBXBuildFile; fileRef = 9F70887E2221D19B00E5205F /* LaunchScreen.storyboard */; };
		9F70888B2221D19B00E5205F /* BeersAppTests.swift in Sources */ = {isa = PBXBuildFile; fileRef = 9F70888A2221D19B00E5205F /* BeersAppTests.swift */; };
		9F7088962221D19B00E5205F /* BeersAppUITests.swift in Sources */ = {isa = PBXBuildFile; fileRef = 9F7088952221D19B00E5205F /* BeersAppUITests.swift */; };
		9F7088A52221D60E00E5205F /* Network.swift in Sources */ = {isa = PBXBuildFile; fileRef = 9F7088A32221D60E00E5205F /* Network.swift */; };
		9F7088A62221D60E00E5205F /* ApiEndpoint.swift in Sources */ = {isa = PBXBuildFile; fileRef = 9F7088A42221D60E00E5205F /* ApiEndpoint.swift */; };
		9F7088AA2221D64B00E5205F /* Persistable.swift in Sources */ = {isa = PBXBuildFile; fileRef = 9F7088A72221D64B00E5205F /* Persistable.swift */; };
		9F7088AB2221D64B00E5205F /* FormViewControllerType.swift in Sources */ = {isa = PBXBuildFile; fileRef = 9F7088A82221D64B00E5205F /* FormViewControllerType.swift */; };
		9F7088AC2221D64B00E5205F /* ReusableCell.swift in Sources */ = {isa = PBXBuildFile; fileRef = 9F7088A92221D64B00E5205F /* ReusableCell.swift */; };
		9F7088B22221D66D00E5205F /* ViewControllerExtensions.swift in Sources */ = {isa = PBXBuildFile; fileRef = 9F7088AD2221D66D00E5205F /* ViewControllerExtensions.swift */; };
		9F7088B32221D66D00E5205F /* StringExtensions.swift in Sources */ = {isa = PBXBuildFile; fileRef = 9F7088AE2221D66D00E5205F /* StringExtensions.swift */; };
		9F7088B42221D66D00E5205F /* RxExtensions.swift in Sources */ = {isa = PBXBuildFile; fileRef = 9F7088AF2221D66D00E5205F /* RxExtensions.swift */; };
		9F7088B52221D66D00E5205F /* UITextFieldExtensions.swift in Sources */ = {isa = PBXBuildFile; fileRef = 9F7088B02221D66D00E5205F /* UITextFieldExtensions.swift */; };
		9F7088B62221D66D00E5205F /* TableViewExtensions.swift in Sources */ = {isa = PBXBuildFile; fileRef = 9F7088B12221D66D00E5205F /* TableViewExtensions.swift */; };
		9F7088BE2221D68700E5205F /* BaseViewController.swift in Sources */ = {isa = PBXBuildFile; fileRef = 9F7088B82221D68700E5205F /* BaseViewController.swift */; };
		9F7088C02221D68700E5205F /* BaseStorage.swift in Sources */ = {isa = PBXBuildFile; fileRef = 9F7088BA2221D68700E5205F /* BaseStorage.swift */; };
		9F7088C12221D68700E5205F /* BaseService.swift in Sources */ = {isa = PBXBuildFile; fileRef = 9F7088BB2221D68700E5205F /* BaseService.swift */; };
		9F7088C22221D68700E5205F /* ViewState.swift in Sources */ = {isa = PBXBuildFile; fileRef = 9F7088BC2221D68700E5205F /* ViewState.swift */; };
		9F7088CB2221D6E400E5205F /* Colors.swift in Sources */ = {isa = PBXBuildFile; fileRef = 9F7088C52221D6E300E5205F /* Colors.swift */; };
		9F7088CC2221D6E400E5205F /* UserDefaultsHelper.swift in Sources */ = {isa = PBXBuildFile; fileRef = 9F7088C62221D6E300E5205F /* UserDefaultsHelper.swift */; };
		9F7088CD2221D6E400E5205F /* Config.swift in Sources */ = {isa = PBXBuildFile; fileRef = 9F7088C72221D6E300E5205F /* Config.swift */; };
		9F7088CE2221D6E400E5205F /* DialogHelper.swift in Sources */ = {isa = PBXBuildFile; fileRef = 9F7088C82221D6E400E5205F /* DialogHelper.swift */; };
		9F7088CF2221D6E400E5205F /* Validator.swift in Sources */ = {isa = PBXBuildFile; fileRef = 9F7088C92221D6E400E5205F /* Validator.swift */; };
		9F7088D02221D6E400E5205F /* Constants.swift in Sources */ = {isa = PBXBuildFile; fileRef = 9F7088CA2221D6E400E5205F /* Constants.swift */; };
		9F7088D22221D6EF00E5205F /* AppButton.swift in Sources */ = {isa = PBXBuildFile; fileRef = 9F7088D12221D6EE00E5205F /* AppButton.swift */; };
		9F7088DF2221DB2800E5205F /* Screen.swift in Sources */ = {isa = PBXBuildFile; fileRef = 9F7088DE2221DB2800E5205F /* Screen.swift */; };
		9F7088E22221DBE300E5205F /* DatabaseManager.swift in Sources */ = {isa = PBXBuildFile; fileRef = 9F7088E12221DBE300E5205F /* DatabaseManager.swift */; };
		9F7088E42221DC2700E5205F /* SingletonContainer.swift in Sources */ = {isa = PBXBuildFile; fileRef = 9F7088E32221DC2700E5205F /* SingletonContainer.swift */; };
		9F7088E62221DC9800E5205F /* ViewModelContainter.swift in Sources */ = {isa = PBXBuildFile; fileRef = 9F7088E52221DC9800E5205F /* ViewModelContainter.swift */; };
		9F7088E82221DD1000E5205F /* ViewControllerContainer.swift in Sources */ = {isa = PBXBuildFile; fileRef = 9F7088E72221DD1000E5205F /* ViewControllerContainer.swift */; };
		9F7088EA2221DEE100E5205F /* ViewModelType.swift in Sources */ = {isa = PBXBuildFile; fileRef = 9F7088E92221DEE100E5205F /* ViewModelType.swift */; };
		9F80BB472222C4640094333F /* ActivityIndicator.swift in Sources */ = {isa = PBXBuildFile; fileRef = 9F80BB452222C4630094333F /* ActivityIndicator.swift */; };
		9F80BB482222C4640094333F /* ErrorTracker.swift in Sources */ = {isa = PBXBuildFile; fileRef = 9F80BB462222C4640094333F /* ErrorTracker.swift */; };
		9F80BB4D2222C8C60094333F /* BeerSearchVM.swift in Sources */ = {isa = PBXBuildFile; fileRef = 9F80BB4C2222C8C60094333F /* BeerSearchVM.swift */; };
		9F80BB532222CB400094333F /* BeerStorage.swift in Sources */ = {isa = PBXBuildFile; fileRef = 9F80BB522222CB400094333F /* BeerStorage.swift */; };
		9F80BB562222CB7B0094333F /* BeerService.swift in Sources */ = {isa = PBXBuildFile; fileRef = 9F80BB552222CB7B0094333F /* BeerService.swift */; };
		9F80BB582222CDBC0094333F /* BeerRepository.swift in Sources */ = {isa = PBXBuildFile; fileRef = 9F80BB572222CDBC0094333F /* BeerRepository.swift */; };
		9F80BB602222D67F0094333F /* BeerCell.swift in Sources */ = {isa = PBXBuildFile; fileRef = 9F80BB5E2222D67F0094333F /* BeerCell.swift */; };
		9F80BB612222D67F0094333F /* BeerCell.xib in Resources */ = {isa = PBXBuildFile; fileRef = 9F80BB5F2222D67F0094333F /* BeerCell.xib */; };
		9F89DE0C2221F07A0031989B /* RMBeer.swift in Sources */ = {isa = PBXBuildFile; fileRef = 9F89DE0B2221F07A0031989B /* RMBeer.swift */; };
		9F89DE0E2221F08E0031989B /* Beer.swift in Sources */ = {isa = PBXBuildFile; fileRef = 9F89DE0D2221F08E0031989B /* Beer.swift */; };
		9F89DE102221F25B0031989B /* BeerStyle.swift in Sources */ = {isa = PBXBuildFile; fileRef = 9F89DE0F2221F25B0031989B /* BeerStyle.swift */; };
		9F89DE122221F2AA0031989B /* BeerCategory.swift in Sources */ = {isa = PBXBuildFile; fileRef = 9F89DE112221F2AA0031989B /* BeerCategory.swift */; };
		9F89DE142221F5890031989B /* DomainData.swift in Sources */ = {isa = PBXBuildFile; fileRef = 9F89DE132221F5890031989B /* DomainData.swift */; };
		9F89DE162221F6320031989B /* RMBeerStyle.swift in Sources */ = {isa = PBXBuildFile; fileRef = 9F89DE152221F6320031989B /* RMBeerStyle.swift */; };
		9F89DE182221F6440031989B /* RMBeerCategory.swift in Sources */ = {isa = PBXBuildFile; fileRef = 9F89DE172221F6440031989B /* RMBeerCategory.swift */; };
		9F89DE1A2221FB610031989B /* RealmExtensions.swift in Sources */ = {isa = PBXBuildFile; fileRef = 9F89DE192221FB610031989B /* RealmExtensions.swift */; };
		9F89DE1E22220CD50031989B /* BeerSearchVC.swift in Sources */ = {isa = PBXBuildFile; fileRef = 9F89DE1C22220CD50031989B /* BeerSearchVC.swift */; };
		9F89DE1F22220CD50031989B /* BeerSearchVC.xib in Resources */ = {isa = PBXBuildFile; fileRef = 9F89DE1D22220CD50031989B /* BeerSearchVC.xib */; };
		B4CC28FB8943CC389F98FF11 /* Pods_BeersAppTests.framework in Frameworks */ = {isa = PBXBuildFile; fileRef = 6DA8A3FF0D934B886EEEC8D2 /* Pods_BeersAppTests.framework */; };
		BFF6F0EE9459EDC5D1A3E284 /* Pods_BeersAppUITests.framework in Frameworks */ = {isa = PBXBuildFile; fileRef = DB0F9B4DDE55EA739E2FFC53 /* Pods_BeersAppUITests.framework */; };
		E92CDC748DE164BFB6FBDFB7 /* Pods_BeersApp.framework in Frameworks */ = {isa = PBXBuildFile; fileRef = C484D139BF5EFE45A355EF69 /* Pods_BeersApp.framework */; };
/* End PBXBuildFile section */

/* Begin PBXContainerItemProxy section */
		9F7088872221D19B00E5205F /* PBXContainerItemProxy */ = {
			isa = PBXContainerItemProxy;
			containerPortal = 9F70886A2221D19A00E5205F /* Project object */;
			proxyType = 1;
			remoteGlobalIDString = 9F7088712221D19A00E5205F;
			remoteInfo = BeersApp;
		};
		9F7088922221D19B00E5205F /* PBXContainerItemProxy */ = {
			isa = PBXContainerItemProxy;
			containerPortal = 9F70886A2221D19A00E5205F /* Project object */;
			proxyType = 1;
			remoteGlobalIDString = 9F7088712221D19A00E5205F;
			remoteInfo = BeersApp;
		};
/* End PBXContainerItemProxy section */

/* Begin PBXFileReference section */
		0FFD2EF53D36DFB6AEA0BDC1 /* Pods-BeersApp.release.xcconfig */ = {isa = PBXFileReference; includeInIndex = 1; lastKnownFileType = text.xcconfig; name = "Pods-BeersApp.release.xcconfig"; path = "Target Support Files/Pods-BeersApp/Pods-BeersApp.release.xcconfig"; sourceTree = "<group>"; };
		243822C865F30D4313600168 /* Pods-BeersAppUITests.release.xcconfig */ = {isa = PBXFileReference; includeInIndex = 1; lastKnownFileType = text.xcconfig; name = "Pods-BeersAppUITests.release.xcconfig"; path = "Target Support Files/Pods-BeersAppUITests/Pods-BeersAppUITests.release.xcconfig"; sourceTree = "<group>"; };
		434B86DDFD5DBEC222217D81 /* Pods-BeersAppTests.debug.xcconfig */ = {isa = PBXFileReference; includeInIndex = 1; lastKnownFileType = text.xcconfig; name = "Pods-BeersAppTests.debug.xcconfig"; path = "Target Support Files/Pods-BeersAppTests/Pods-BeersAppTests.debug.xcconfig"; sourceTree = "<group>"; };
		470A7D34926A6E4EB5951179 /* Pods-BeersAppTests.release.xcconfig */ = {isa = PBXFileReference; includeInIndex = 1; lastKnownFileType = text.xcconfig; name = "Pods-BeersAppTests.release.xcconfig"; path = "Target Support Files/Pods-BeersAppTests/Pods-BeersAppTests.release.xcconfig"; sourceTree = "<group>"; };
		6DA8A3FF0D934B886EEEC8D2 /* Pods_BeersAppTests.framework */ = {isa = PBXFileReference; explicitFileType = wrapper.framework; includeInIndex = 0; path = Pods_BeersAppTests.framework; sourceTree = BUILT_PRODUCTS_DIR; };
		9F7088722221D19A00E5205F /* BeersApp.app */ = {isa = PBXFileReference; explicitFileType = wrapper.application; includeInIndex = 0; path = BeersApp.app; sourceTree = BUILT_PRODUCTS_DIR; };
		9F7088752221D19A00E5205F /* AppDelegate.swift */ = {isa = PBXFileReference; lastKnownFileType = sourcecode.swift; path = AppDelegate.swift; sourceTree = "<group>"; };
		9F70887C2221D19B00E5205F /* Assets.xcassets */ = {isa = PBXFileReference; lastKnownFileType = folder.assetcatalog; path = Assets.xcassets; sourceTree = "<group>"; };
		9F70887F2221D19B00E5205F /* Base */ = {isa = PBXFileReference; lastKnownFileType = file.storyboard; name = Base; path = Base.lproj/LaunchScreen.storyboard; sourceTree = "<group>"; };
		9F7088812221D19B00E5205F /* Info.plist */ = {isa = PBXFileReference; lastKnownFileType = text.plist.xml; path = Info.plist; sourceTree = "<group>"; };
		9F7088862221D19B00E5205F /* BeersAppTests.xctest */ = {isa = PBXFileReference; explicitFileType = wrapper.cfbundle; includeInIndex = 0; path = BeersAppTests.xctest; sourceTree = BUILT_PRODUCTS_DIR; };
		9F70888A2221D19B00E5205F /* BeersAppTests.swift */ = {isa = PBXFileReference; lastKnownFileType = sourcecode.swift; path = BeersAppTests.swift; sourceTree = "<group>"; };
		9F70888C2221D19B00E5205F /* Info.plist */ = {isa = PBXFileReference; lastKnownFileType = text.plist.xml; path = Info.plist; sourceTree = "<group>"; };
		9F7088912221D19B00E5205F /* BeersAppUITests.xctest */ = {isa = PBXFileReference; explicitFileType = wrapper.cfbundle; includeInIndex = 0; path = BeersAppUITests.xctest; sourceTree = BUILT_PRODUCTS_DIR; };
		9F7088952221D19B00E5205F /* BeersAppUITests.swift */ = {isa = PBXFileReference; lastKnownFileType = sourcecode.swift; path = BeersAppUITests.swift; sourceTree = "<group>"; };
		9F7088972221D19B00E5205F /* Info.plist */ = {isa = PBXFileReference; lastKnownFileType = text.plist.xml; path = Info.plist; sourceTree = "<group>"; };
		9F7088A32221D60E00E5205F /* Network.swift */ = {isa = PBXFileReference; fileEncoding = 4; lastKnownFileType = sourcecode.swift; path = Network.swift; sourceTree = "<group>"; };
		9F7088A42221D60E00E5205F /* ApiEndpoint.swift */ = {isa = PBXFileReference; fileEncoding = 4; lastKnownFileType = sourcecode.swift; path = ApiEndpoint.swift; sourceTree = "<group>"; };
		9F7088A72221D64B00E5205F /* Persistable.swift */ = {isa = PBXFileReference; fileEncoding = 4; lastKnownFileType = sourcecode.swift; path = Persistable.swift; sourceTree = "<group>"; };
		9F7088A82221D64B00E5205F /* FormViewControllerType.swift */ = {isa = PBXFileReference; fileEncoding = 4; lastKnownFileType = sourcecode.swift; path = FormViewControllerType.swift; sourceTree = "<group>"; };
		9F7088A92221D64B00E5205F /* ReusableCell.swift */ = {isa = PBXFileReference; fileEncoding = 4; lastKnownFileType = sourcecode.swift; path = ReusableCell.swift; sourceTree = "<group>"; };
		9F7088AD2221D66D00E5205F /* ViewControllerExtensions.swift */ = {isa = PBXFileReference; fileEncoding = 4; lastKnownFileType = sourcecode.swift; path = ViewControllerExtensions.swift; sourceTree = "<group>"; };
		9F7088AE2221D66D00E5205F /* StringExtensions.swift */ = {isa = PBXFileReference; fileEncoding = 4; lastKnownFileType = sourcecode.swift; path = StringExtensions.swift; sourceTree = "<group>"; };
		9F7088AF2221D66D00E5205F /* RxExtensions.swift */ = {isa = PBXFileReference; fileEncoding = 4; lastKnownFileType = sourcecode.swift; path = RxExtensions.swift; sourceTree = "<group>"; };
		9F7088B02221D66D00E5205F /* UITextFieldExtensions.swift */ = {isa = PBXFileReference; fileEncoding = 4; lastKnownFileType = sourcecode.swift; path = UITextFieldExtensions.swift; sourceTree = "<group>"; };
		9F7088B12221D66D00E5205F /* TableViewExtensions.swift */ = {isa = PBXFileReference; fileEncoding = 4; lastKnownFileType = sourcecode.swift; path = TableViewExtensions.swift; sourceTree = "<group>"; };
		9F7088B82221D68700E5205F /* BaseViewController.swift */ = {isa = PBXFileReference; fileEncoding = 4; lastKnownFileType = sourcecode.swift; path = BaseViewController.swift; sourceTree = "<group>"; };
		9F7088BA2221D68700E5205F /* BaseStorage.swift */ = {isa = PBXFileReference; fileEncoding = 4; lastKnownFileType = sourcecode.swift; path = BaseStorage.swift; sourceTree = "<group>"; };
		9F7088BB2221D68700E5205F /* BaseService.swift */ = {isa = PBXFileReference; fileEncoding = 4; lastKnownFileType = sourcecode.swift; path = BaseService.swift; sourceTree = "<group>"; };
		9F7088BC2221D68700E5205F /* ViewState.swift */ = {isa = PBXFileReference; fileEncoding = 4; lastKnownFileType = sourcecode.swift; path = ViewState.swift; sourceTree = "<group>"; };
		9F7088C52221D6E300E5205F /* Colors.swift */ = {isa = PBXFileReference; fileEncoding = 4; lastKnownFileType = sourcecode.swift; path = Colors.swift; sourceTree = "<group>"; };
		9F7088C62221D6E300E5205F /* UserDefaultsHelper.swift */ = {isa = PBXFileReference; fileEncoding = 4; lastKnownFileType = sourcecode.swift; path = UserDefaultsHelper.swift; sourceTree = "<group>"; };
		9F7088C72221D6E300E5205F /* Config.swift */ = {isa = PBXFileReference; fileEncoding = 4; lastKnownFileType = sourcecode.swift; path = Config.swift; sourceTree = "<group>"; };
		9F7088C82221D6E400E5205F /* DialogHelper.swift */ = {isa = PBXFileReference; fileEncoding = 4; lastKnownFileType = sourcecode.swift; path = DialogHelper.swift; sourceTree = "<group>"; };
		9F7088C92221D6E400E5205F /* Validator.swift */ = {isa = PBXFileReference; fileEncoding = 4; lastKnownFileType = sourcecode.swift; path = Validator.swift; sourceTree = "<group>"; };
		9F7088CA2221D6E400E5205F /* Constants.swift */ = {isa = PBXFileReference; fileEncoding = 4; lastKnownFileType = sourcecode.swift; path = Constants.swift; sourceTree = "<group>"; };
		9F7088D12221D6EE00E5205F /* AppButton.swift */ = {isa = PBXFileReference; fileEncoding = 4; lastKnownFileType = sourcecode.swift; path = AppButton.swift; sourceTree = "<group>"; };
		9F7088DE2221DB2800E5205F /* Screen.swift */ = {isa = PBXFileReference; fileEncoding = 4; lastKnownFileType = sourcecode.swift; path = Screen.swift; sourceTree = "<group>"; };
		9F7088E12221DBE300E5205F /* DatabaseManager.swift */ = {isa = PBXFileReference; lastKnownFileType = sourcecode.swift; path = DatabaseManager.swift; sourceTree = "<group>"; };
		9F7088E32221DC2700E5205F /* SingletonContainer.swift */ = {isa = PBXFileReference; lastKnownFileType = sourcecode.swift; path = SingletonContainer.swift; sourceTree = "<group>"; };
		9F7088E52221DC9800E5205F /* ViewModelContainter.swift */ = {isa = PBXFileReference; lastKnownFileType = sourcecode.swift; path = ViewModelContainter.swift; sourceTree = "<group>"; };
		9F7088E72221DD1000E5205F /* ViewControllerContainer.swift */ = {isa = PBXFileReference; lastKnownFileType = sourcecode.swift; path = ViewControllerContainer.swift; sourceTree = "<group>"; };
		9F7088E92221DEE100E5205F /* ViewModelType.swift */ = {isa = PBXFileReference; lastKnownFileType = sourcecode.swift; path = ViewModelType.swift; sourceTree = "<group>"; };
		9F80BB452222C4630094333F /* ActivityIndicator.swift */ = {isa = PBXFileReference; fileEncoding = 4; lastKnownFileType = sourcecode.swift; path = ActivityIndicator.swift; sourceTree = "<group>"; };
		9F80BB462222C4640094333F /* ErrorTracker.swift */ = {isa = PBXFileReference; fileEncoding = 4; lastKnownFileType = sourcecode.swift; path = ErrorTracker.swift; sourceTree = "<group>"; };
		9F80BB4C2222C8C60094333F /* BeerSearchVM.swift */ = {isa = PBXFileReference; lastKnownFileType = sourcecode.swift; path = BeerSearchVM.swift; sourceTree = "<group>"; };
		9F80BB522222CB400094333F /* BeerStorage.swift */ = {isa = PBXFileReference; lastKnownFileType = sourcecode.swift; path = BeerStorage.swift; sourceTree = "<group>"; };
		9F80BB552222CB7B0094333F /* BeerService.swift */ = {isa = PBXFileReference; lastKnownFileType = sourcecode.swift; path = BeerService.swift; sourceTree = "<group>"; };
		9F80BB572222CDBC0094333F /* BeerRepository.swift */ = {isa = PBXFileReference; lastKnownFileType = sourcecode.swift; path = BeerRepository.swift; sourceTree = "<group>"; };
		9F80BB5E2222D67F0094333F /* BeerCell.swift */ = {isa = PBXFileReference; lastKnownFileType = sourcecode.swift; path = BeerCell.swift; sourceTree = "<group>"; };
		9F80BB5F2222D67F0094333F /* BeerCell.xib */ = {isa = PBXFileReference; lastKnownFileType = file.xib; path = BeerCell.xib; sourceTree = "<group>"; };
		9F89DE0B2221F07A0031989B /* RMBeer.swift */ = {isa = PBXFileReference; lastKnownFileType = sourcecode.swift; path = RMBeer.swift; sourceTree = "<group>"; };
		9F89DE0D2221F08E0031989B /* Beer.swift */ = {isa = PBXFileReference; lastKnownFileType = sourcecode.swift; path = Beer.swift; sourceTree = "<group>"; };
		9F89DE0F2221F25B0031989B /* BeerStyle.swift */ = {isa = PBXFileReference; lastKnownFileType = sourcecode.swift; path = BeerStyle.swift; sourceTree = "<group>"; };
		9F89DE112221F2AA0031989B /* BeerCategory.swift */ = {isa = PBXFileReference; lastKnownFileType = sourcecode.swift; path = BeerCategory.swift; sourceTree = "<group>"; };
		9F89DE132221F5890031989B /* DomainData.swift */ = {isa = PBXFileReference; lastKnownFileType = sourcecode.swift; path = DomainData.swift; sourceTree = "<group>"; };
		9F89DE152221F6320031989B /* RMBeerStyle.swift */ = {isa = PBXFileReference; lastKnownFileType = sourcecode.swift; path = RMBeerStyle.swift; sourceTree = "<group>"; };
		9F89DE172221F6440031989B /* RMBeerCategory.swift */ = {isa = PBXFileReference; lastKnownFileType = sourcecode.swift; path = RMBeerCategory.swift; sourceTree = "<group>"; };
		9F89DE192221FB610031989B /* RealmExtensions.swift */ = {isa = PBXFileReference; lastKnownFileType = sourcecode.swift; path = RealmExtensions.swift; sourceTree = "<group>"; };
		9F89DE1C22220CD50031989B /* BeerSearchVC.swift */ = {isa = PBXFileReference; lastKnownFileType = sourcecode.swift; path = BeerSearchVC.swift; sourceTree = "<group>"; };
		9F89DE1D22220CD50031989B /* BeerSearchVC.xib */ = {isa = PBXFileReference; lastKnownFileType = file.xib; path = BeerSearchVC.xib; sourceTree = "<group>"; };
		C484D139BF5EFE45A355EF69 /* Pods_BeersApp.framework */ = {isa = PBXFileReference; explicitFileType = wrapper.framework; includeInIndex = 0; path = Pods_BeersApp.framework; sourceTree = BUILT_PRODUCTS_DIR; };
		C8FA71DF8D2A8F949F3ED724 /* Pods-BeersAppUITests.debug.xcconfig */ = {isa = PBXFileReference; includeInIndex = 1; lastKnownFileType = text.xcconfig; name = "Pods-BeersAppUITests.debug.xcconfig"; path = "Target Support Files/Pods-BeersAppUITests/Pods-BeersAppUITests.debug.xcconfig"; sourceTree = "<group>"; };
		DB0F9B4DDE55EA739E2FFC53 /* Pods_BeersAppUITests.framework */ = {isa = PBXFileReference; explicitFileType = wrapper.framework; includeInIndex = 0; path = Pods_BeersAppUITests.framework; sourceTree = BUILT_PRODUCTS_DIR; };
		EFF9EE073EA5933F8F843C4B /* Pods-BeersApp.debug.xcconfig */ = {isa = PBXFileReference; includeInIndex = 1; lastKnownFileType = text.xcconfig; name = "Pods-BeersApp.debug.xcconfig"; path = "Target Support Files/Pods-BeersApp/Pods-BeersApp.debug.xcconfig"; sourceTree = "<group>"; };
/* End PBXFileReference section */

/* Begin PBXFrameworksBuildPhase section */
		9F70886F2221D19A00E5205F /* Frameworks */ = {
			isa = PBXFrameworksBuildPhase;
			buildActionMask = 2147483647;
			files = (
				E92CDC748DE164BFB6FBDFB7 /* Pods_BeersApp.framework in Frameworks */,
			);
			runOnlyForDeploymentPostprocessing = 0;
		};
		9F7088832221D19B00E5205F /* Frameworks */ = {
			isa = PBXFrameworksBuildPhase;
			buildActionMask = 2147483647;
			files = (
				B4CC28FB8943CC389F98FF11 /* Pods_BeersAppTests.framework in Frameworks */,
			);
			runOnlyForDeploymentPostprocessing = 0;
		};
		9F70888E2221D19B00E5205F /* Frameworks */ = {
			isa = PBXFrameworksBuildPhase;
			buildActionMask = 2147483647;
			files = (
				BFF6F0EE9459EDC5D1A3E284 /* Pods_BeersAppUITests.framework in Frameworks */,
			);
			runOnlyForDeploymentPostprocessing = 0;
		};
/* End PBXFrameworksBuildPhase section */

/* Begin PBXGroup section */
		5C563DC6EC02D894DA2B5FAC /* Pods */ = {
			isa = PBXGroup;
			children = (
				EFF9EE073EA5933F8F843C4B /* Pods-BeersApp.debug.xcconfig */,
				0FFD2EF53D36DFB6AEA0BDC1 /* Pods-BeersApp.release.xcconfig */,
				434B86DDFD5DBEC222217D81 /* Pods-BeersAppTests.debug.xcconfig */,
				470A7D34926A6E4EB5951179 /* Pods-BeersAppTests.release.xcconfig */,
				C8FA71DF8D2A8F949F3ED724 /* Pods-BeersAppUITests.debug.xcconfig */,
				243822C865F30D4313600168 /* Pods-BeersAppUITests.release.xcconfig */,
			);
			path = Pods;
			sourceTree = "<group>";
		};
		9F7088692221D19A00E5205F = {
			isa = PBXGroup;
			children = (
				9F7088742221D19A00E5205F /* BeersApp */,
				9F7088892221D19B00E5205F /* BeersAppTests */,
				9F7088942221D19B00E5205F /* BeersAppUITests */,
				9F7088732221D19A00E5205F /* Products */,
				5C563DC6EC02D894DA2B5FAC /* Pods */,
				C1257A06E2BDF31F6ED2C0CF /* Frameworks */,
			);
			sourceTree = "<group>";
		};
		9F7088732221D19A00E5205F /* Products */ = {
			isa = PBXGroup;
			children = (
				9F7088722221D19A00E5205F /* BeersApp.app */,
				9F7088862221D19B00E5205F /* BeersAppTests.xctest */,
				9F7088912221D19B00E5205F /* BeersAppUITests.xctest */,
			);
			name = Products;
			sourceTree = "<group>";
		};
		9F7088742221D19A00E5205F /* BeersApp */ = {
			isa = PBXGroup;
			children = (
				9F80BB4E2222CA9C0094333F /* Repository */,
				9F89DE1B22220CAE0031989B /* UI */,
				9F7088E02221DB7400E5205F /* DI */,
				9F7088D92221DA6200E5205F /* Data */,
				9F7088D82221DA5500E5205F /* Util */,
				9F7088D52221D9EC00E5205F /* Config */,
				9F7088D42221D9E000E5205F /* Common */,
				9F7088D32221D9D000E5205F /* Views */,
				9F7088752221D19A00E5205F /* AppDelegate.swift */,
				9F70887C2221D19B00E5205F /* Assets.xcassets */,
				9F70887E2221D19B00E5205F /* LaunchScreen.storyboard */,
				9F7088812221D19B00E5205F /* Info.plist */,
			);
			path = BeersApp;
			sourceTree = "<group>";
		};
		9F7088892221D19B00E5205F /* BeersAppTests */ = {
			isa = PBXGroup;
			children = (
				9F70888A2221D19B00E5205F /* BeersAppTests.swift */,
				9F70888C2221D19B00E5205F /* Info.plist */,
			);
			path = BeersAppTests;
			sourceTree = "<group>";
		};
		9F7088942221D19B00E5205F /* BeersAppUITests */ = {
			isa = PBXGroup;
			children = (
				9F7088952221D19B00E5205F /* BeersAppUITests.swift */,
				9F7088972221D19B00E5205F /* Info.plist */,
			);
			path = BeersAppUITests;
			sourceTree = "<group>";
		};
		9F7088D32221D9D000E5205F /* Views */ = {
			isa = PBXGroup;
			children = (
				9F7088D12221D6EE00E5205F /* AppButton.swift */,
			);
			path = Views;
			sourceTree = "<group>";
		};
		9F7088D42221D9E000E5205F /* Common */ = {
			isa = PBXGroup;
			children = (
				9F89DE072221EBD00031989B /* Protocols */,
				9F7088A92221D64B00E5205F /* ReusableCell.swift */,
				9F7088BC2221D68700E5205F /* ViewState.swift */,
				9F7088DE2221DB2800E5205F /* Screen.swift */,
				9F7088D72221DA1700E5205F /* Extensions */,
				9F7088D62221D9FA00E5205F /* Base */,
			);
			path = Common;
			sourceTree = "<group>";
		};
		9F7088D52221D9EC00E5205F /* Config */ = {
			isa = PBXGroup;
			children = (
				9F7088C52221D6E300E5205F /* Colors.swift */,
				9F7088C72221D6E300E5205F /* Config.swift */,
				9F7088CA2221D6E400E5205F /* Constants.swift */,
			);
			path = Config;
			sourceTree = "<group>";
		};
		9F7088D62221D9FA00E5205F /* Base */ = {
			isa = PBXGroup;
			children = (
				9F7088BB2221D68700E5205F /* BaseService.swift */,
				9F7088BA2221D68700E5205F /* BaseStorage.swift */,
				9F7088B82221D68700E5205F /* BaseViewController.swift */,
			);
			path = Base;
			sourceTree = "<group>";
		};
		9F7088D72221DA1700E5205F /* Extensions */ = {
			isa = PBXGroup;
			children = (
				9F7088AF2221D66D00E5205F /* RxExtensions.swift */,
				9F7088AE2221D66D00E5205F /* StringExtensions.swift */,
				9F7088B12221D66D00E5205F /* TableViewExtensions.swift */,
				9F7088B02221D66D00E5205F /* UITextFieldExtensions.swift */,
				9F7088AD2221D66D00E5205F /* ViewControllerExtensions.swift */,
				9F89DE192221FB610031989B /* RealmExtensions.swift */,
			);
			path = Extensions;
			sourceTree = "<group>";
		};
		9F7088D82221DA5500E5205F /* Util */ = {
			isa = PBXGroup;
			children = (
				9F80BB452222C4630094333F /* ActivityIndicator.swift */,
				9F80BB462222C4640094333F /* ErrorTracker.swift */,
				9F7088C82221D6E400E5205F /* DialogHelper.swift */,
				9F7088C92221D6E400E5205F /* Validator.swift */,
			);
			path = Util;
			sourceTree = "<group>";
		};
		9F7088D92221DA6200E5205F /* Data */ = {
			isa = PBXGroup;
			children = (
				9F89DE082221ECC50031989B /* Models */,
				9F7088DB2221DAE300E5205F /* Database */,
				9F7088DA2221DA7200E5205F /* Network */,
				9F7088C62221D6E300E5205F /* UserDefaultsHelper.swift */,
			);
			path = Data;
			sourceTree = "<group>";
		};
		9F7088DA2221DA7200E5205F /* Network */ = {
			isa = PBXGroup;
			children = (
				9F80BB542222CB6F0094333F /* Service */,
				9F7088A42221D60E00E5205F /* ApiEndpoint.swift */,
				9F7088A32221D60E00E5205F /* Network.swift */,
			);
			path = Network;
			sourceTree = "<group>";
		};
		9F7088DB2221DAE300E5205F /* Database */ = {
			isa = PBXGroup;
			children = (
				9F80BB512222CB1F0094333F /* Storage */,
				9F7088E12221DBE300E5205F /* DatabaseManager.swift */,
			);
			path = Database;
			sourceTree = "<group>";
		};
		9F7088E02221DB7400E5205F /* DI */ = {
			isa = PBXGroup;
			children = (
				9F7088E32221DC2700E5205F /* SingletonContainer.swift */,
				9F7088E52221DC9800E5205F /* ViewModelContainter.swift */,
				9F7088E72221DD1000E5205F /* ViewControllerContainer.swift */,
			);
			path = DI;
			sourceTree = "<group>";
		};
		9F80BB4B2222C89A0094333F /* Beer Search */ = {
			isa = PBXGroup;
			children = (
				9F80BB592222D6330094333F /* Beer Cell */,
				9F89DE1C22220CD50031989B /* BeerSearchVC.swift */,
				9F89DE1D22220CD50031989B /* BeerSearchVC.xib */,
				9F80BB4C2222C8C60094333F /* BeerSearchVM.swift */,
			);
			path = "Beer Search";
			sourceTree = "<group>";
		};
		9F80BB4E2222CA9C0094333F /* Repository */ = {
			isa = PBXGroup;
			children = (
				9F80BB572222CDBC0094333F /* BeerRepository.swift */,
			);
			path = Repository;
			sourceTree = "<group>";
		};
		9F80BB512222CB1F0094333F /* Storage */ = {
			isa = PBXGroup;
			children = (
				9F80BB522222CB400094333F /* BeerStorage.swift */,
			);
			path = Storage;
			sourceTree = "<group>";
		};
		9F80BB542222CB6F0094333F /* Service */ = {
			isa = PBXGroup;
			children = (
				9F80BB552222CB7B0094333F /* BeerService.swift */,
			);
			path = Service;
			sourceTree = "<group>";
		};
		9F80BB592222D6330094333F /* Beer Cell */ = {
			isa = PBXGroup;
			children = (
				9F80BB5E2222D67F0094333F /* BeerCell.swift */,
				9F80BB5F2222D67F0094333F /* BeerCell.xib */,
			);
			path = "Beer Cell";
			sourceTree = "<group>";
		};
		9F89DE072221EBD00031989B /* Protocols */ = {
			isa = PBXGroup;
			children = (
				9F7088E92221DEE100E5205F /* ViewModelType.swift */,
				9F7088A82221D64B00E5205F /* FormViewControllerType.swift */,
				9F7088A72221D64B00E5205F /* Persistable.swift */,
				9F89DE132221F5890031989B /* DomainData.swift */,
			);
			path = Protocols;
			sourceTree = "<group>";
		};
		9F89DE082221ECC50031989B /* Models */ = {
			isa = PBXGroup;
			children = (
				9F89DE0A2221ECDB0031989B /* Persistance */,
				9F89DE092221ECD10031989B /* Domain */,
			);
			path = Models;
			sourceTree = "<group>";
		};
		9F89DE092221ECD10031989B /* Domain */ = {
			isa = PBXGroup;
			children = (
				9F89DE0D2221F08E0031989B /* Beer.swift */,
				9F89DE0F2221F25B0031989B /* BeerStyle.swift */,
				9F89DE112221F2AA0031989B /* BeerCategory.swift */,
			);
			path = Domain;
			sourceTree = "<group>";
		};
		9F89DE0A2221ECDB0031989B /* Persistance */ = {
			isa = PBXGroup;
			children = (
				9F89DE0B2221F07A0031989B /* RMBeer.swift */,
				9F89DE152221F6320031989B /* RMBeerStyle.swift */,
				9F89DE172221F6440031989B /* RMBeerCategory.swift */,
			);
			path = Persistance;
			sourceTree = "<group>";
		};
		9F89DE1B22220CAE0031989B /* UI */ = {
			isa = PBXGroup;
			children = (
				9F80BB4B2222C89A0094333F /* Beer Search */,
			);
			path = UI;
			sourceTree = "<group>";
		};
		C1257A06E2BDF31F6ED2C0CF /* Frameworks */ = {
			isa = PBXGroup;
			children = (
				C484D139BF5EFE45A355EF69 /* Pods_BeersApp.framework */,
				6DA8A3FF0D934B886EEEC8D2 /* Pods_BeersAppTests.framework */,
				DB0F9B4DDE55EA739E2FFC53 /* Pods_BeersAppUITests.framework */,
			);
			name = Frameworks;
			sourceTree = "<group>";
		};
/* End PBXGroup section */

/* Begin PBXNativeTarget section */
		9F7088712221D19A00E5205F /* BeersApp */ = {
			isa = PBXNativeTarget;
			buildConfigurationList = 9F70889A2221D19B00E5205F /* Build configuration list for PBXNativeTarget "BeersApp" */;
			buildPhases = (
				EBA63321636B60C283305542 /* [CP] Check Pods Manifest.lock */,
				9F70886E2221D19A00E5205F /* Sources */,
				9F70886F2221D19A00E5205F /* Frameworks */,
				9F7088702221D19A00E5205F /* Resources */,
				421CD4D453C66ED391B5C104 /* [CP] Embed Pods Frameworks */,
			);
			buildRules = (
			);
			dependencies = (
			);
			name = BeersApp;
			productName = BeersApp;
			productReference = 9F7088722221D19A00E5205F /* BeersApp.app */;
			productType = "com.apple.product-type.application";
		};
		9F7088852221D19B00E5205F /* BeersAppTests */ = {
			isa = PBXNativeTarget;
			buildConfigurationList = 9F70889D2221D19B00E5205F /* Build configuration list for PBXNativeTarget "BeersAppTests" */;
			buildPhases = (
				BAFAFCD4EEA144D3724BC9B6 /* [CP] Check Pods Manifest.lock */,
				9F7088822221D19B00E5205F /* Sources */,
				9F7088832221D19B00E5205F /* Frameworks */,
				9F7088842221D19B00E5205F /* Resources */,
			);
			buildRules = (
			);
			dependencies = (
				9F7088882221D19B00E5205F /* PBXTargetDependency */,
			);
			name = BeersAppTests;
			productName = BeersAppTests;
			productReference = 9F7088862221D19B00E5205F /* BeersAppTests.xctest */;
			productType = "com.apple.product-type.bundle.unit-test";
		};
		9F7088902221D19B00E5205F /* BeersAppUITests */ = {
			isa = PBXNativeTarget;
			buildConfigurationList = 9F7088A02221D19B00E5205F /* Build configuration list for PBXNativeTarget "BeersAppUITests" */;
			buildPhases = (
				5623CB69B17D90A9381E40BE /* [CP] Check Pods Manifest.lock */,
				9F70888D2221D19B00E5205F /* Sources */,
				9F70888E2221D19B00E5205F /* Frameworks */,
				9F70888F2221D19B00E5205F /* Resources */,
			);
			buildRules = (
			);
			dependencies = (
				9F7088932221D19B00E5205F /* PBXTargetDependency */,
			);
			name = BeersAppUITests;
			productName = BeersAppUITests;
			productReference = 9F7088912221D19B00E5205F /* BeersAppUITests.xctest */;
			productType = "com.apple.product-type.bundle.ui-testing";
		};
/* End PBXNativeTarget section */

/* Begin PBXProject section */
		9F70886A2221D19A00E5205F /* Project object */ = {
			isa = PBXProject;
			attributes = {
				LastSwiftUpdateCheck = 1020;
				LastUpgradeCheck = 1020;
				ORGANIZATIONNAME = Marijan;
				TargetAttributes = {
					9F7088712221D19A00E5205F = {
						CreatedOnToolsVersion = 10.2;
					};
					9F7088852221D19B00E5205F = {
						CreatedOnToolsVersion = 10.2;
						TestTargetID = 9F7088712221D19A00E5205F;
					};
					9F7088902221D19B00E5205F = {
						CreatedOnToolsVersion = 10.2;
						TestTargetID = 9F7088712221D19A00E5205F;
					};
				};
			};
			buildConfigurationList = 9F70886D2221D19A00E5205F /* Build configuration list for PBXProject "BeersApp" */;
			compatibilityVersion = "Xcode 9.3";
			developmentRegion = en;
			hasScannedForEncodings = 0;
			knownRegions = (
				en,
				Base,
			);
			mainGroup = 9F7088692221D19A00E5205F;
			productRefGroup = 9F7088732221D19A00E5205F /* Products */;
			projectDirPath = "";
			projectRoot = "";
			targets = (
				9F7088712221D19A00E5205F /* BeersApp */,
				9F7088852221D19B00E5205F /* BeersAppTests */,
				9F7088902221D19B00E5205F /* BeersAppUITests */,
			);
		};
/* End PBXProject section */

/* Begin PBXResourcesBuildPhase section */
		9F7088702221D19A00E5205F /* Resources */ = {
			isa = PBXResourcesBuildPhase;
			buildActionMask = 2147483647;
			files = (
				9F7088802221D19B00E5205F /* LaunchScreen.storyboard in Resources */,
				9F70887D2221D19B00E5205F /* Assets.xcassets in Resources */,
				9F89DE1F22220CD50031989B /* BeerSearchVC.xib in Resources */,
				9F80BB612222D67F0094333F /* BeerCell.xib in Resources */,
			);
			runOnlyForDeploymentPostprocessing = 0;
		};
		9F7088842221D19B00E5205F /* Resources */ = {
			isa = PBXResourcesBuildPhase;
			buildActionMask = 2147483647;
			files = (
			);
			runOnlyForDeploymentPostprocessing = 0;
		};
		9F70888F2221D19B00E5205F /* Resources */ = {
			isa = PBXResourcesBuildPhase;
			buildActionMask = 2147483647;
			files = (
			);
			runOnlyForDeploymentPostprocessing = 0;
		};
/* End PBXResourcesBuildPhase section */

/* Begin PBXShellScriptBuildPhase section */
		421CD4D453C66ED391B5C104 /* [CP] Embed Pods Frameworks */ = {
			isa = PBXShellScriptBuildPhase;
			buildActionMask = 2147483647;
			files = (
			);
			inputFileListPaths = (
			);
			inputPaths = (
				"${PODS_ROOT}/Target Support Files/Pods-BeersApp/Pods-BeersApp-frameworks.sh",
				"${BUILT_PRODUCTS_DIR}/Alamofire/Alamofire.framework",
				"${BUILT_PRODUCTS_DIR}/AlamofireNetworkActivityLogger/AlamofireNetworkActivityLogger.framework",
				"${BUILT_PRODUCTS_DIR}/KeychainAccess/KeychainAccess.framework",
				"${BUILT_PRODUCTS_DIR}/MBProgressHUD/MBProgressHUD.framework",
				"${BUILT_PRODUCTS_DIR}/Moya/Moya.framework",
				"${BUILT_PRODUCTS_DIR}/Realm/Realm.framework",
				"${BUILT_PRODUCTS_DIR}/RealmSwift/RealmSwift.framework",
				"${BUILT_PRODUCTS_DIR}/Result/Result.framework",
				"${BUILT_PRODUCTS_DIR}/RxCocoa/RxCocoa.framework",
				"${BUILT_PRODUCTS_DIR}/RxRealm/RxRealm.framework",
				"${BUILT_PRODUCTS_DIR}/RxSwift/RxSwift.framework",
				"${BUILT_PRODUCTS_DIR}/Swinject/Swinject.framework",
				"${BUILT_PRODUCTS_DIR}/TPKeyboardAvoiding/TPKeyboardAvoiding.framework",
			);
			name = "[CP] Embed Pods Frameworks";
			outputFileListPaths = (
			);
			outputPaths = (
				"${TARGET_BUILD_DIR}/${FRAMEWORKS_FOLDER_PATH}/Alamofire.framework",
				"${TARGET_BUILD_DIR}/${FRAMEWORKS_FOLDER_PATH}/AlamofireNetworkActivityLogger.framework",
				"${TARGET_BUILD_DIR}/${FRAMEWORKS_FOLDER_PATH}/KeychainAccess.framework",
				"${TARGET_BUILD_DIR}/${FRAMEWORKS_FOLDER_PATH}/MBProgressHUD.framework",
				"${TARGET_BUILD_DIR}/${FRAMEWORKS_FOLDER_PATH}/Moya.framework",
				"${TARGET_BUILD_DIR}/${FRAMEWORKS_FOLDER_PATH}/Realm.framework",
				"${TARGET_BUILD_DIR}/${FRAMEWORKS_FOLDER_PATH}/RealmSwift.framework",
				"${TARGET_BUILD_DIR}/${FRAMEWORKS_FOLDER_PATH}/Result.framework",
				"${TARGET_BUILD_DIR}/${FRAMEWORKS_FOLDER_PATH}/RxCocoa.framework",
				"${TARGET_BUILD_DIR}/${FRAMEWORKS_FOLDER_PATH}/RxRealm.framework",
				"${TARGET_BUILD_DIR}/${FRAMEWORKS_FOLDER_PATH}/RxSwift.framework",
				"${TARGET_BUILD_DIR}/${FRAMEWORKS_FOLDER_PATH}/Swinject.framework",
				"${TARGET_BUILD_DIR}/${FRAMEWORKS_FOLDER_PATH}/TPKeyboardAvoiding.framework",
			);
			runOnlyForDeploymentPostprocessing = 0;
			shellPath = /bin/sh;
			shellScript = "\"${PODS_ROOT}/Target Support Files/Pods-BeersApp/Pods-BeersApp-frameworks.sh\"\n";
			showEnvVarsInLog = 0;
		};
		5623CB69B17D90A9381E40BE /* [CP] Check Pods Manifest.lock */ = {
			isa = PBXShellScriptBuildPhase;
			buildActionMask = 2147483647;
			files = (
			);
			inputFileListPaths = (
			);
			inputPaths = (
				"${PODS_PODFILE_DIR_PATH}/Podfile.lock",
				"${PODS_ROOT}/Manifest.lock",
			);
			name = "[CP] Check Pods Manifest.lock";
			outputFileListPaths = (
			);
			outputPaths = (
				"$(DERIVED_FILE_DIR)/Pods-BeersAppUITests-checkManifestLockResult.txt",
			);
			runOnlyForDeploymentPostprocessing = 0;
			shellPath = /bin/sh;
			shellScript = "diff \"${PODS_PODFILE_DIR_PATH}/Podfile.lock\" \"${PODS_ROOT}/Manifest.lock\" > /dev/null\nif [ $? != 0 ] ; then\n    # print error to STDERR\n    echo \"error: The sandbox is not in sync with the Podfile.lock. Run 'pod install' or update your CocoaPods installation.\" >&2\n    exit 1\nfi\n# This output is used by Xcode 'outputs' to avoid re-running this script phase.\necho \"SUCCESS\" > \"${SCRIPT_OUTPUT_FILE_0}\"\n";
			showEnvVarsInLog = 0;
		};
		BAFAFCD4EEA144D3724BC9B6 /* [CP] Check Pods Manifest.lock */ = {
			isa = PBXShellScriptBuildPhase;
			buildActionMask = 2147483647;
			files = (
			);
			inputFileListPaths = (
			);
			inputPaths = (
				"${PODS_PODFILE_DIR_PATH}/Podfile.lock",
				"${PODS_ROOT}/Manifest.lock",
			);
			name = "[CP] Check Pods Manifest.lock";
			outputFileListPaths = (
			);
			outputPaths = (
				"$(DERIVED_FILE_DIR)/Pods-BeersAppTests-checkManifestLockResult.txt",
			);
			runOnlyForDeploymentPostprocessing = 0;
			shellPath = /bin/sh;
			shellScript = "diff \"${PODS_PODFILE_DIR_PATH}/Podfile.lock\" \"${PODS_ROOT}/Manifest.lock\" > /dev/null\nif [ $? != 0 ] ; then\n    # print error to STDERR\n    echo \"error: The sandbox is not in sync with the Podfile.lock. Run 'pod install' or update your CocoaPods installation.\" >&2\n    exit 1\nfi\n# This output is used by Xcode 'outputs' to avoid re-running this script phase.\necho \"SUCCESS\" > \"${SCRIPT_OUTPUT_FILE_0}\"\n";
			showEnvVarsInLog = 0;
		};
		EBA63321636B60C283305542 /* [CP] Check Pods Manifest.lock */ = {
			isa = PBXShellScriptBuildPhase;
			buildActionMask = 2147483647;
			files = (
			);
			inputFileListPaths = (
			);
			inputPaths = (
				"${PODS_PODFILE_DIR_PATH}/Podfile.lock",
				"${PODS_ROOT}/Manifest.lock",
			);
			name = "[CP] Check Pods Manifest.lock";
			outputFileListPaths = (
			);
			outputPaths = (
				"$(DERIVED_FILE_DIR)/Pods-BeersApp-checkManifestLockResult.txt",
			);
			runOnlyForDeploymentPostprocessing = 0;
			shellPath = /bin/sh;
			shellScript = "diff \"${PODS_PODFILE_DIR_PATH}/Podfile.lock\" \"${PODS_ROOT}/Manifest.lock\" > /dev/null\nif [ $? != 0 ] ; then\n    # print error to STDERR\n    echo \"error: The sandbox is not in sync with the Podfile.lock. Run 'pod install' or update your CocoaPods installation.\" >&2\n    exit 1\nfi\n# This output is used by Xcode 'outputs' to avoid re-running this script phase.\necho \"SUCCESS\" > \"${SCRIPT_OUTPUT_FILE_0}\"\n";
			showEnvVarsInLog = 0;
		};
/* End PBXShellScriptBuildPhase section */

/* Begin PBXSourcesBuildPhase section */
		9F70886E2221D19A00E5205F /* Sources */ = {
			isa = PBXSourcesBuildPhase;
			buildActionMask = 2147483647;
			files = (
				9F80BB582222CDBC0094333F /* BeerRepository.swift in Sources */,
				9F89DE0C2221F07A0031989B /* RMBeer.swift in Sources */,
				9F7088BE2221D68700E5205F /* BaseViewController.swift in Sources */,
				9F7088CB2221D6E400E5205F /* Colors.swift in Sources */,
				9F89DE162221F6320031989B /* RMBeerStyle.swift in Sources */,
				9F80BB472222C4640094333F /* ActivityIndicator.swift in Sources */,
				9F7088B32221D66D00E5205F /* StringExtensions.swift in Sources */,
				9F80BB602222D67F0094333F /* BeerCell.swift in Sources */,
				9F89DE122221F2AA0031989B /* BeerCategory.swift in Sources */,
				9F89DE1A2221FB610031989B /* RealmExtensions.swift in Sources */,
				9F89DE182221F6440031989B /* RMBeerCategory.swift in Sources */,
				9F7088DF2221DB2800E5205F /* Screen.swift in Sources */,
				9F7088A52221D60E00E5205F /* Network.swift in Sources */,
				9F7088AB2221D64B00E5205F /* FormViewControllerType.swift in Sources */,
				9F7088EA2221DEE100E5205F /* ViewModelType.swift in Sources */,
				9F7088AC2221D64B00E5205F /* ReusableCell.swift in Sources */,
				9F7088E22221DBE300E5205F /* DatabaseManager.swift in Sources */,
				9F89DE142221F5890031989B /* DomainData.swift in Sources */,
				9F7088D02221D6E400E5205F /* Constants.swift in Sources */,
				9F7088B42221D66D00E5205F /* RxExtensions.swift in Sources */,
				9F80BB482222C4640094333F /* ErrorTracker.swift in Sources */,
				9F7088762221D19A00E5205F /* AppDelegate.swift in Sources */,
				9F7088CC2221D6E400E5205F /* UserDefaultsHelper.swift in Sources */,
				9F7088C12221D68700E5205F /* BaseService.swift in Sources */,
				9F80BB562222CB7B0094333F /* BeerService.swift in Sources */,
				9F80BB4D2222C8C60094333F /* BeerSearchVM.swift in Sources */,
				9F7088AA2221D64B00E5205F /* Persistable.swift in Sources */,
				9F89DE1E22220CD50031989B /* BeerSearchVC.swift in Sources */,
				9F7088B52221D66D00E5205F /* UITextFieldExtensions.swift in Sources */,
				9F7088A62221D60E00E5205F /* ApiEndpoint.swift in Sources */,
				9F7088E62221DC9800E5205F /* ViewModelContainter.swift in Sources */,
				9F80BB532222CB400094333F /* BeerStorage.swift in Sources */,
				9F7088D22221D6EF00E5205F /* AppButton.swift in Sources */,
				9F89DE0E2221F08E0031989B /* Beer.swift in Sources */,
				9F7088C02221D68700E5205F /* BaseStorage.swift in Sources */,
				9F7088B62221D66D00E5205F /* TableViewExtensions.swift in Sources */,
				9F7088CF2221D6E400E5205F /* Validator.swift in Sources */,
				9F89DE102221F25B0031989B /* BeerStyle.swift in Sources */,
				9F7088E42221DC2700E5205F /* SingletonContainer.swift in Sources */,
				9F7088CE2221D6E400E5205F /* DialogHelper.swift in Sources */,
				9F7088CD2221D6E400E5205F /* Config.swift in Sources */,
				9F7088C22221D68700E5205F /* ViewState.swift in Sources */,
				9F7088E82221DD1000E5205F /* ViewControllerContainer.swift in Sources */,
				9F7088B22221D66D00E5205F /* ViewControllerExtensions.swift in Sources */,
			);
			runOnlyForDeploymentPostprocessing = 0;
		};
		9F7088822221D19B00E5205F /* Sources */ = {
			isa = PBXSourcesBuildPhase;
			buildActionMask = 2147483647;
			files = (
				9F70888B2221D19B00E5205F /* BeersAppTests.swift in Sources */,
			);
			runOnlyForDeploymentPostprocessing = 0;
		};
		9F70888D2221D19B00E5205F /* Sources */ = {
			isa = PBXSourcesBuildPhase;
			buildActionMask = 2147483647;
			files = (
				9F7088962221D19B00E5205F /* BeersAppUITests.swift in Sources */,
			);
			runOnlyForDeploymentPostprocessing = 0;
		};
/* End PBXSourcesBuildPhase section */

/* Begin PBXTargetDependency section */
		9F7088882221D19B00E5205F /* PBXTargetDependency */ = {
			isa = PBXTargetDependency;
			target = 9F7088712221D19A00E5205F /* BeersApp */;
			targetProxy = 9F7088872221D19B00E5205F /* PBXContainerItemProxy */;
		};
		9F7088932221D19B00E5205F /* PBXTargetDependency */ = {
			isa = PBXTargetDependency;
			target = 9F7088712221D19A00E5205F /* BeersApp */;
			targetProxy = 9F7088922221D19B00E5205F /* PBXContainerItemProxy */;
		};
/* End PBXTargetDependency section */

/* Begin PBXVariantGroup section */
		9F70887E2221D19B00E5205F /* LaunchScreen.storyboard */ = {
			isa = PBXVariantGroup;
			children = (
				9F70887F2221D19B00E5205F /* Base */,
			);
			name = LaunchScreen.storyboard;
			sourceTree = "<group>";
		};
/* End PBXVariantGroup section */

/* Begin XCBuildConfiguration section */
		9F7088982221D19B00E5205F /* Debug */ = {
			isa = XCBuildConfiguration;
			buildSettings = {
				ALWAYS_SEARCH_USER_PATHS = NO;
				CLANG_ANALYZER_NONNULL = YES;
				CLANG_ANALYZER_NUMBER_OBJECT_CONVERSION = YES_AGGRESSIVE;
				CLANG_CXX_LANGUAGE_STANDARD = "gnu++14";
				CLANG_CXX_LIBRARY = "libc++";
				CLANG_ENABLE_MODULES = YES;
				CLANG_ENABLE_OBJC_ARC = YES;
				CLANG_ENABLE_OBJC_WEAK = YES;
				CLANG_WARN_BLOCK_CAPTURE_AUTORELEASING = YES;
				CLANG_WARN_BOOL_CONVERSION = YES;
				CLANG_WARN_COMMA = YES;
				CLANG_WARN_CONSTANT_CONVERSION = YES;
				CLANG_WARN_DEPRECATED_OBJC_IMPLEMENTATIONS = YES;
				CLANG_WARN_DIRECT_OBJC_ISA_USAGE = YES_ERROR;
				CLANG_WARN_DOCUMENTATION_COMMENTS = YES;
				CLANG_WARN_EMPTY_BODY = YES;
				CLANG_WARN_ENUM_CONVERSION = YES;
				CLANG_WARN_INFINITE_RECURSION = YES;
				CLANG_WARN_INT_CONVERSION = YES;
				CLANG_WARN_NON_LITERAL_NULL_CONVERSION = YES;
				CLANG_WARN_OBJC_IMPLICIT_RETAIN_SELF = YES;
				CLANG_WARN_OBJC_LITERAL_CONVERSION = YES;
				CLANG_WARN_OBJC_ROOT_CLASS = YES_ERROR;
				CLANG_WARN_RANGE_LOOP_ANALYSIS = YES;
				CLANG_WARN_STRICT_PROTOTYPES = YES;
				CLANG_WARN_SUSPICIOUS_MOVE = YES;
				CLANG_WARN_UNGUARDED_AVAILABILITY = YES_AGGRESSIVE;
				CLANG_WARN_UNREACHABLE_CODE = YES;
				CLANG_WARN__DUPLICATE_METHOD_MATCH = YES;
				CODE_SIGN_IDENTITY = "iPhone Developer";
				COPY_PHASE_STRIP = NO;
				DEBUG_INFORMATION_FORMAT = dwarf;
				ENABLE_STRICT_OBJC_MSGSEND = YES;
				ENABLE_TESTABILITY = YES;
				GCC_C_LANGUAGE_STANDARD = gnu11;
				GCC_DYNAMIC_NO_PIC = NO;
				GCC_NO_COMMON_BLOCKS = YES;
				GCC_OPTIMIZATION_LEVEL = 0;
				GCC_PREPROCESSOR_DEFINITIONS = (
					"DEBUG=1",
					"$(inherited)",
				);
				GCC_WARN_64_TO_32_BIT_CONVERSION = YES;
				GCC_WARN_ABOUT_RETURN_TYPE = YES_ERROR;
				GCC_WARN_UNDECLARED_SELECTOR = YES;
				GCC_WARN_UNINITIALIZED_AUTOS = YES_AGGRESSIVE;
				GCC_WARN_UNUSED_FUNCTION = YES;
				GCC_WARN_UNUSED_VARIABLE = YES;
				IPHONEOS_DEPLOYMENT_TARGET = 12.2;
				MTL_ENABLE_DEBUG_INFO = INCLUDE_SOURCE;
				MTL_FAST_MATH = YES;
				ONLY_ACTIVE_ARCH = YES;
				SDKROOT = iphoneos;
				SWIFT_ACTIVE_COMPILATION_CONDITIONS = DEBUG;
				SWIFT_OPTIMIZATION_LEVEL = "-Onone";
			};
			name = Debug;
		};
		9F7088992221D19B00E5205F /* Release */ = {
			isa = XCBuildConfiguration;
			buildSettings = {
				ALWAYS_SEARCH_USER_PATHS = NO;
				CLANG_ANALYZER_NONNULL = YES;
				CLANG_ANALYZER_NUMBER_OBJECT_CONVERSION = YES_AGGRESSIVE;
				CLANG_CXX_LANGUAGE_STANDARD = "gnu++14";
				CLANG_CXX_LIBRARY = "libc++";
				CLANG_ENABLE_MODULES = YES;
				CLANG_ENABLE_OBJC_ARC = YES;
				CLANG_ENABLE_OBJC_WEAK = YES;
				CLANG_WARN_BLOCK_CAPTURE_AUTORELEASING = YES;
				CLANG_WARN_BOOL_CONVERSION = YES;
				CLANG_WARN_COMMA = YES;
				CLANG_WARN_CONSTANT_CONVERSION = YES;
				CLANG_WARN_DEPRECATED_OBJC_IMPLEMENTATIONS = YES;
				CLANG_WARN_DIRECT_OBJC_ISA_USAGE = YES_ERROR;
				CLANG_WARN_DOCUMENTATION_COMMENTS = YES;
				CLANG_WARN_EMPTY_BODY = YES;
				CLANG_WARN_ENUM_CONVERSION = YES;
				CLANG_WARN_INFINITE_RECURSION = YES;
				CLANG_WARN_INT_CONVERSION = YES;
				CLANG_WARN_NON_LITERAL_NULL_CONVERSION = YES;
				CLANG_WARN_OBJC_IMPLICIT_RETAIN_SELF = YES;
				CLANG_WARN_OBJC_LITERAL_CONVERSION = YES;
				CLANG_WARN_OBJC_ROOT_CLASS = YES_ERROR;
				CLANG_WARN_RANGE_LOOP_ANALYSIS = YES;
				CLANG_WARN_STRICT_PROTOTYPES = YES;
				CLANG_WARN_SUSPICIOUS_MOVE = YES;
				CLANG_WARN_UNGUARDED_AVAILABILITY = YES_AGGRESSIVE;
				CLANG_WARN_UNREACHABLE_CODE = YES;
				CLANG_WARN__DUPLICATE_METHOD_MATCH = YES;
				CODE_SIGN_IDENTITY = "iPhone Developer";
				COPY_PHASE_STRIP = NO;
				DEBUG_INFORMATION_FORMAT = "dwarf-with-dsym";
				ENABLE_NS_ASSERTIONS = NO;
				ENABLE_STRICT_OBJC_MSGSEND = YES;
				GCC_C_LANGUAGE_STANDARD = gnu11;
				GCC_NO_COMMON_BLOCKS = YES;
				GCC_WARN_64_TO_32_BIT_CONVERSION = YES;
				GCC_WARN_ABOUT_RETURN_TYPE = YES_ERROR;
				GCC_WARN_UNDECLARED_SELECTOR = YES;
				GCC_WARN_UNINITIALIZED_AUTOS = YES_AGGRESSIVE;
				GCC_WARN_UNUSED_FUNCTION = YES;
				GCC_WARN_UNUSED_VARIABLE = YES;
				IPHONEOS_DEPLOYMENT_TARGET = 12.2;
				MTL_ENABLE_DEBUG_INFO = NO;
				MTL_FAST_MATH = YES;
				SDKROOT = iphoneos;
				SWIFT_COMPILATION_MODE = wholemodule;
				SWIFT_OPTIMIZATION_LEVEL = "-O";
				VALIDATE_PRODUCT = YES;
			};
			name = Release;
		};
		9F70889B2221D19B00E5205F /* Debug */ = {
			isa = XCBuildConfiguration;
			baseConfigurationReference = EFF9EE073EA5933F8F843C4B /* Pods-BeersApp.debug.xcconfig */;
			buildSettings = {
				ASSETCATALOG_COMPILER_APPICON_NAME = AppIcon;
				CODE_SIGN_STYLE = Automatic;
				DEVELOPMENT_TEAM = 6V3WLL6SMV;
				INFOPLIST_FILE = BeersApp/Info.plist;
				LD_RUNPATH_SEARCH_PATHS = (
					"$(inherited)",
					"@executable_path/Frameworks",
				);
				PRODUCT_BUNDLE_IDENTIFIER = "Novak-Co.BeersApp";
				PRODUCT_NAME = "$(TARGET_NAME)";
				SWIFT_VERSION = 5.0;
				TARGETED_DEVICE_FAMILY = "1,2";
			};
			name = Debug;
		};
		9F70889C2221D19B00E5205F /* Release */ = {
			isa = XCBuildConfiguration;
			baseConfigurationReference = 0FFD2EF53D36DFB6AEA0BDC1 /* Pods-BeersApp.release.xcconfig */;
			buildSettings = {
				ASSETCATALOG_COMPILER_APPICON_NAME = AppIcon;
				CODE_SIGN_STYLE = Automatic;
				DEVELOPMENT_TEAM = 6V3WLL6SMV;
				INFOPLIST_FILE = BeersApp/Info.plist;
				LD_RUNPATH_SEARCH_PATHS = (
					"$(inherited)",
					"@executable_path/Frameworks",
				);
				PRODUCT_BUNDLE_IDENTIFIER = "Novak-Co.BeersApp";
				PRODUCT_NAME = "$(TARGET_NAME)";
				SWIFT_VERSION = 5.0;
				TARGETED_DEVICE_FAMILY = "1,2";
			};
			name = Release;
		};
		9F70889E2221D19B00E5205F /* Debug */ = {
			isa = XCBuildConfiguration;
			baseConfigurationReference = 434B86DDFD5DBEC222217D81 /* Pods-BeersAppTests.debug.xcconfig */;
			buildSettings = {
				ALWAYS_EMBED_SWIFT_STANDARD_LIBRARIES = YES;
				BUNDLE_LOADER = "$(TEST_HOST)";
				CODE_SIGN_STYLE = Automatic;
				DEVELOPMENT_TEAM = 6V3WLL6SMV;
				INFOPLIST_FILE = BeersAppTests/Info.plist;
				LD_RUNPATH_SEARCH_PATHS = (
					"$(inherited)",
					"@executable_path/Frameworks",
					"@loader_path/Frameworks",
				);
				PRODUCT_BUNDLE_IDENTIFIER = "Novak-Co.BeersAppTests";
				PRODUCT_NAME = "$(TARGET_NAME)";
				SWIFT_VERSION = 5.0;
				TARGETED_DEVICE_FAMILY = "1,2";
				TEST_HOST = "$(BUILT_PRODUCTS_DIR)/BeersApp.app/BeersApp";
			};
			name = Debug;
		};
		9F70889F2221D19B00E5205F /* Release */ = {
			isa = XCBuildConfiguration;
			baseConfigurationReference = 470A7D34926A6E4EB5951179 /* Pods-BeersAppTests.release.xcconfig */;
			buildSettings = {
				ALWAYS_EMBED_SWIFT_STANDARD_LIBRARIES = YES;
				BUNDLE_LOADER = "$(TEST_HOST)";
				CODE_SIGN_STYLE = Automatic;
				DEVELOPMENT_TEAM = 6V3WLL6SMV;
				INFOPLIST_FILE = BeersAppTests/Info.plist;
				LD_RUNPATH_SEARCH_PATHS = (
					"$(inherited)",
					"@executable_path/Frameworks",
					"@loader_path/Frameworks",
				);
				PRODUCT_BUNDLE_IDENTIFIER = "Novak-Co.BeersAppTests";
				PRODUCT_NAME = "$(TARGET_NAME)";
				SWIFT_VERSION = 5.0;
				TARGETED_DEVICE_FAMILY = "1,2";
				TEST_HOST = "$(BUILT_PRODUCTS_DIR)/BeersApp.app/BeersApp";
			};
			name = Release;
		};
		9F7088A12221D19B00E5205F /* Debug */ = {
			isa = XCBuildConfiguration;
			baseConfigurationReference = C8FA71DF8D2A8F949F3ED724 /* Pods-BeersAppUITests.debug.xcconfig */;
			buildSettings = {
				ALWAYS_EMBED_SWIFT_STANDARD_LIBRARIES = YES;
				CODE_SIGN_STYLE = Automatic;
				DEVELOPMENT_TEAM = 6V3WLL6SMV;
				INFOPLIST_FILE = BeersAppUITests/Info.plist;
				LD_RUNPATH_SEARCH_PATHS = (
					"$(inherited)",
					"@executable_path/Frameworks",
					"@loader_path/Frameworks",
				);
				PRODUCT_BUNDLE_IDENTIFIER = "Novak-Co.BeersAppUITests";
				PRODUCT_NAME = "$(TARGET_NAME)";
				SWIFT_VERSION = 5.0;
				TARGETED_DEVICE_FAMILY = "1,2";
				TEST_TARGET_NAME = BeersApp;
			};
			name = Debug;
		};
		9F7088A22221D19B00E5205F /* Release */ = {
			isa = XCBuildConfiguration;
			baseConfigurationReference = 243822C865F30D4313600168 /* Pods-BeersAppUITests.release.xcconfig */;
			buildSettings = {
				ALWAYS_EMBED_SWIFT_STANDARD_LIBRARIES = YES;
				CODE_SIGN_STYLE = Automatic;
				DEVELOPMENT_TEAM = 6V3WLL6SMV;
				INFOPLIST_FILE = BeersAppUITests/Info.plist;
				LD_RUNPATH_SEARCH_PATHS = (
					"$(inherited)",
					"@executable_path/Frameworks",
					"@loader_path/Frameworks",
				);
				PRODUCT_BUNDLE_IDENTIFIER = "Novak-Co.BeersAppUITests";
				PRODUCT_NAME = "$(TARGET_NAME)";
				SWIFT_VERSION = 5.0;
				TARGETED_DEVICE_FAMILY = "1,2";
				TEST_TARGET_NAME = BeersApp;
			};
			name = Release;
		};
/* End XCBuildConfiguration section */

/* Begin XCConfigurationList section */
		9F70886D2221D19A00E5205F /* Build configuration list for PBXProject "BeersApp" */ = {
			isa = XCConfigurationList;
			buildConfigurations = (
				9F7088982221D19B00E5205F /* Debug */,
				9F7088992221D19B00E5205F /* Release */,
			);
			defaultConfigurationIsVisible = 0;
			defaultConfigurationName = Release;
		};
		9F70889A2221D19B00E5205F /* Build configuration list for PBXNativeTarget "BeersApp" */ = {
			isa = XCConfigurationList;
			buildConfigurations = (
				9F70889B2221D19B00E5205F /* Debug */,
				9F70889C2221D19B00E5205F /* Release */,
			);
			defaultConfigurationIsVisible = 0;
			defaultConfigurationName = Release;
		};
		9F70889D2221D19B00E5205F /* Build configuration list for PBXNativeTarget "BeersAppTests" */ = {
			isa = XCConfigurationList;
			buildConfigurations = (
				9F70889E2221D19B00E5205F /* Debug */,
				9F70889F2221D19B00E5205F /* Release */,
			);
			defaultConfigurationIsVisible = 0;
			defaultConfigurationName = Release;
		};
		9F7088A02221D19B00E5205F /* Build configuration list for PBXNativeTarget "BeersAppUITests" */ = {
			isa = XCConfigurationList;
			buildConfigurations = (
				9F7088A12221D19B00E5205F /* Debug */,
				9F7088A22221D19B00E5205F /* Release */,
			);
			defaultConfigurationIsVisible = 0;
			defaultConfigurationName = Release;
		};
/* End XCConfigurationList section */
	};
	rootObject = 9F70886A2221D19A00E5205F /* Project object */;
}
